// !$*UTF8*$!
{
	archiveVersion = 1;
	classes = {
	};
	objectVersion = 46;
	objects = {

/* Begin PBXBuildFile section */
		4C5C200A1F136F9800D52B41 /* ReactiveForm.framework in Frameworks */ = {isa = PBXBuildFile; fileRef = 4C5C20001F136F9800D52B41 /* ReactiveForm.framework */; };
		4C5C200F1F136F9800D52B41 /* ReactiveFormTests.swift in Sources */ = {isa = PBXBuildFile; fileRef = 4C5C200E1F136F9800D52B41 /* ReactiveFormTests.swift */; };
		4C5C203B1F13713000D52B41 /* ReactiveForm.h in Headers */ = {isa = PBXBuildFile; fileRef = 4C5C202D1F13713000D52B41 /* ReactiveForm.h */; settings = {ATTRIBUTES = (Public, ); }; };
		4C5C20831F1372EE00D52B41 /* AppDelegate.swift in Sources */ = {isa = PBXBuildFile; fileRef = 4C5C20701F1372EE00D52B41 /* AppDelegate.swift */; };
		4C5C20841F1372EE00D52B41 /* Assets.xcassets in Resources */ = {isa = PBXBuildFile; fileRef = 4C5C20721F1372EE00D52B41 /* Assets.xcassets */; };
		4C5C20861F1372EE00D52B41 /* LaunchScreen.storyboard in Resources */ = {isa = PBXBuildFile; fileRef = 4C5C20751F1372EE00D52B41 /* LaunchScreen.storyboard */; };
		4C5C20871F1372EE00D52B41 /* Main.storyboard in Resources */ = {isa = PBXBuildFile; fileRef = 4C5C20771F1372EE00D52B41 /* Main.storyboard */; };
		4C5C20881F1372EE00D52B41 /* Storyboard.swift in Sources */ = {isa = PBXBuildFile; fileRef = 4C5C20791F1372EE00D52B41 /* Storyboard.swift */; };
		4C5C20921F1373B900D52B41 /* Cartfile in Resources */ = {isa = PBXBuildFile; fileRef = 4C5C20911F1373B900D52B41 /* Cartfile */; };
		4C5C209A1F13750000D52B41 /* DataSource.framework in Frameworks */ = {isa = PBXBuildFile; fileRef = 4C5C20951F13750000D52B41 /* DataSource.framework */; };
		4C5C209B1F13750000D52B41 /* DataSource.framework in Frameworks */ = {isa = PBXBuildFile; fileRef = 4C5C20951F13750000D52B41 /* DataSource.framework */; };
		4C5C209C1F13750000D52B41 /* DataSource.framework in Frameworks */ = {isa = PBXBuildFile; fileRef = 4C5C20951F13750000D52B41 /* DataSource.framework */; };
		4C5C209D1F13750000D52B41 /* Diff.framework in Frameworks */ = {isa = PBXBuildFile; fileRef = 4C5C20961F13750000D52B41 /* Diff.framework */; };
		4C5C209E1F13750000D52B41 /* Diff.framework in Frameworks */ = {isa = PBXBuildFile; fileRef = 4C5C20961F13750000D52B41 /* Diff.framework */; };
		4C5C209F1F13750000D52B41 /* Diff.framework in Frameworks */ = {isa = PBXBuildFile; fileRef = 4C5C20961F13750000D52B41 /* Diff.framework */; };
		4C5C20A01F13750000D52B41 /* ReactiveCocoa.framework in Frameworks */ = {isa = PBXBuildFile; fileRef = 4C5C20971F13750000D52B41 /* ReactiveCocoa.framework */; };
		4C5C20A11F13750000D52B41 /* ReactiveCocoa.framework in Frameworks */ = {isa = PBXBuildFile; fileRef = 4C5C20971F13750000D52B41 /* ReactiveCocoa.framework */; };
		4C5C20A21F13750000D52B41 /* ReactiveCocoa.framework in Frameworks */ = {isa = PBXBuildFile; fileRef = 4C5C20971F13750000D52B41 /* ReactiveCocoa.framework */; };
		4C5C20A31F13750000D52B41 /* ReactiveSwift.framework in Frameworks */ = {isa = PBXBuildFile; fileRef = 4C5C20981F13750000D52B41 /* ReactiveSwift.framework */; };
		4C5C20A41F13750000D52B41 /* ReactiveSwift.framework in Frameworks */ = {isa = PBXBuildFile; fileRef = 4C5C20981F13750000D52B41 /* ReactiveSwift.framework */; };
		4C5C20A51F13750000D52B41 /* ReactiveSwift.framework in Frameworks */ = {isa = PBXBuildFile; fileRef = 4C5C20981F13750000D52B41 /* ReactiveSwift.framework */; };
		4C5C20A61F13750000D52B41 /* Result.framework in Frameworks */ = {isa = PBXBuildFile; fileRef = 4C5C20991F13750000D52B41 /* Result.framework */; };
		4C5C20A71F13750000D52B41 /* Result.framework in Frameworks */ = {isa = PBXBuildFile; fileRef = 4C5C20991F13750000D52B41 /* Result.framework */; };
		4C5C20A81F13750000D52B41 /* Result.framework in Frameworks */ = {isa = PBXBuildFile; fileRef = 4C5C20991F13750000D52B41 /* Result.framework */; };
		4C5C20AB1F13783E00D52B41 /* ReactiveForm.framework in Frameworks */ = {isa = PBXBuildFile; fileRef = 4C5C20001F136F9800D52B41 /* ReactiveForm.framework */; };
		BC13F8A21F9F592300AA95F7 /* ListOfFieldsViewModel.swift in Sources */ = {isa = PBXBuildFile; fileRef = BC13F8A11F9F592300AA95F7 /* ListOfFieldsViewModel.swift */; };
		BC13F8A41F9F629400AA95F7 /* StepperFieldSettings.swift in Sources */ = {isa = PBXBuildFile; fileRef = BC13F8A31F9F629400AA95F7 /* StepperFieldSettings.swift */; };
		BC6792B71F8D02E8007BE23F /* Focusable.swift in Sources */ = {isa = PBXBuildFile; fileRef = BC7764EF1F8CFF3600C49D7E /* Focusable.swift */; };
		BC6792B81F8D02E8007BE23F /* Validation.swift in Sources */ = {isa = PBXBuildFile; fileRef = BC7764F01F8CFF3600C49D7E /* Validation.swift */; };
		BC6792B91F8D02E8007BE23F /* Form.swift in Sources */ = {isa = PBXBuildFile; fileRef = BC7764F11F8CFF3600C49D7E /* Form.swift */; };
		BC6792BA1F8D02EC007BE23F /* ActivityIndicatorFieldSettings.swift in Sources */ = {isa = PBXBuildFile; fileRef = BC7764F41F8CFF3600C49D7E /* ActivityIndicatorFieldSettings.swift */; };
		BC6792BB1F8D02EC007BE23F /* BodyTextFieldSettings.swift in Sources */ = {isa = PBXBuildFile; fileRef = BC7764FB1F8CFF3600C49D7E /* BodyTextFieldSettings.swift */; };
		BC6792BC1F8D02EC007BE23F /* ButtonFieldSettings.swift in Sources */ = {isa = PBXBuildFile; fileRef = BC7764FD1F8CFF3600C49D7E /* ButtonFieldSettings.swift */; };
		BC6792BD1F8D02EC007BE23F /* FormField.swift in Sources */ = {isa = PBXBuildFile; fileRef = BC7764F81F8CFF3600C49D7E /* FormField.swift */; };
		BC6792BE1F8D02EC007BE23F /* FormFieldSettings.swift in Sources */ = {isa = PBXBuildFile; fileRef = BC7764F61F8CFF3600C49D7E /* FormFieldSettings.swift */; };
		BC6792BF1F8D02EC007BE23F /* FormFieldContent.swift in Sources */ = {isa = PBXBuildFile; fileRef = BC7764F31F8CFF3600C49D7E /* FormFieldContent.swift */; };
		BC6792C01F8D02EC007BE23F /* FormFieldProtocol.swift in Sources */ = {isa = PBXBuildFile; fileRef = BC7764FE1F8CFF3600C49D7E /* FormFieldProtocol.swift */; };
		BC6792C11F8D02EC007BE23F /* ImageFieldSettings.swift in Sources */ = {isa = PBXBuildFile; fileRef = BC7764F71F8CFF3600C49D7E /* ImageFieldSettings.swift */; };
		BC6792C21F8D02EC007BE23F /* PickerFieldSettings.swift in Sources */ = {isa = PBXBuildFile; fileRef = BC7764F51F8CFF3600C49D7E /* PickerFieldSettings.swift */; };
		BC6792C31F8D02EC007BE23F /* TextFieldSettings.swift in Sources */ = {isa = PBXBuildFile; fileRef = BC7764F91F8CFF3600C49D7E /* TextFieldSettings.swift */; };
		BC6792C41F8D02EC007BE23F /* TitleFieldSettings.swift in Sources */ = {isa = PBXBuildFile; fileRef = BC7764FA1F8CFF3600C49D7E /* TitleFieldSettings.swift */; };
		BC6792C51F8D02EC007BE23F /* ToggleFieldSettings.swift in Sources */ = {isa = PBXBuildFile; fileRef = BC7764FC1F8CFF3600C49D7E /* ToggleFieldSettings.swift */; };
		BC6792C61F8D02EC007BE23F /* ValidationFieldSettings.swift in Sources */ = {isa = PBXBuildFile; fileRef = BC7764FF1F8CFF3600C49D7E /* ValidationFieldSettings.swift */; };
		BC6792C71F8D02F0007BE23F /* FormJSON.swift in Sources */ = {isa = PBXBuildFile; fileRef = BC7765001F8CFF3600C49D7E /* FormJSON.swift */; };
		BC6792CE1F8D0308007BE23F /* NavigationController.swift in Sources */ = {isa = PBXBuildFile; fileRef = BC7765261F8D022200C49D7E /* NavigationController.swift */; };
		BC6792CF1F8D030C007BE23F /* CardViewController.swift in Sources */ = {isa = PBXBuildFile; fileRef = BC7765251F8D00BE00C49D7E /* CardViewController.swift */; };
		BC6792D01F8D0311007BE23F /* CardViewModel.swift in Sources */ = {isa = PBXBuildFile; fileRef = BC7765221F8D00B400C49D7E /* CardViewModel.swift */; };
		BC6792D11F8D0311007BE23F /* RegisterViewModel.swift in Sources */ = {isa = PBXBuildFile; fileRef = BC7765231F8D00B400C49D7E /* RegisterViewModel.swift */; };
		BC6792D91F8D0614007BE23F /* Toast.swift in Sources */ = {isa = PBXBuildFile; fileRef = BC6792D31F8D0614007BE23F /* Toast.swift */; };
		BC6792DA1F8D0614007BE23F /* DesignableTextField.swift in Sources */ = {isa = PBXBuildFile; fileRef = BC6792D41F8D0614007BE23F /* DesignableTextField.swift */; };
		BC6792DB1F8D0614007BE23F /* ShadowView.swift in Sources */ = {isa = PBXBuildFile; fileRef = BC6792D51F8D0614007BE23F /* ShadowView.swift */; };
		BC6792DC1F8D0614007BE23F /* DesignableView.swift in Sources */ = {isa = PBXBuildFile; fileRef = BC6792D61F8D0614007BE23F /* DesignableView.swift */; };
		BC6792DD1F8D0614007BE23F /* DesignableGradientView.swift in Sources */ = {isa = PBXBuildFile; fileRef = BC6792D71F8D0614007BE23F /* DesignableGradientView.swift */; };
		BC6792DE1F8D0614007BE23F /* DesignableButton.swift in Sources */ = {isa = PBXBuildFile; fileRef = BC6792D81F8D0614007BE23F /* DesignableButton.swift */; };
		BC6792EC1F8D0653007BE23F /* SpacerCell.xib in Resources */ = {isa = PBXBuildFile; fileRef = BC7765131F8CFF3600C49D7E /* SpacerCell.xib */; };
		BC724EDF1F9DF4E6005464F8 /* HomeViewModel.swift in Sources */ = {isa = PBXBuildFile; fileRef = BC724EDE1F9DF4E6005464F8 /* HomeViewModel.swift */; };
		BC724EE11F9DF669005464F8 /* Settings.swift in Sources */ = {isa = PBXBuildFile; fileRef = BC724EE01F9DF669005464F8 /* Settings.swift */; };
		BC7FEC0C1F8D09E50011C443 /* SimpleButton.framework in Frameworks */ = {isa = PBXBuildFile; fileRef = BC7FEC0B1F8D09E40011C443 /* SimpleButton.framework */; };
		BC7FEC0E1F8D0A380011C443 /* Keyboard.swift in Sources */ = {isa = PBXBuildFile; fileRef = BC7FEC0D1F8D0A380011C443 /* Keyboard.swift */; };
		BC7FEC101F8E014F0011C443 /* UIView+Extension.swift in Sources */ = {isa = PBXBuildFile; fileRef = BC7FEC0F1F8E014E0011C443 /* UIView+Extension.swift */; };
		BC8A16D31FC2C941006D9173 /* ActivityIndicatorCell.swift in Sources */ = {isa = PBXBuildFile; fileRef = BC7765171F8CFF3600C49D7E /* ActivityIndicatorCell.swift */; };
		BC8A16D41FC2C941006D9173 /* ActivityIndicatorCell.xib in Resources */ = {isa = PBXBuildFile; fileRef = BC7765091F8CFF3600C49D7E /* ActivityIndicatorCell.xib */; };
		BC8A16D51FC2C941006D9173 /* BodyTextCell.swift in Sources */ = {isa = PBXBuildFile; fileRef = BC7765121F8CFF3600C49D7E /* BodyTextCell.swift */; };
		BC8A16D61FC2C941006D9173 /* BodyTextCell.xib in Resources */ = {isa = PBXBuildFile; fileRef = BC77650F1F8CFF3600C49D7E /* BodyTextCell.xib */; };
		BC8A16D71FC2C941006D9173 /* ButtonCell.swift in Sources */ = {isa = PBXBuildFile; fileRef = BC7765141F8CFF3600C49D7E /* ButtonCell.swift */; };
		BC8A16D81FC2C941006D9173 /* ButtonCell.xib in Resources */ = {isa = PBXBuildFile; fileRef = BC7765051F8CFF3600C49D7E /* ButtonCell.xib */; };
		BC8A16D91FC2C941006D9173 /* FormFieldCell.swift in Sources */ = {isa = PBXBuildFile; fileRef = BC7765101F8CFF3600C49D7E /* FormFieldCell.swift */; };
		BC8A16DA1FC2C941006D9173 /* ImageCell.swift in Sources */ = {isa = PBXBuildFile; fileRef = BC77651A1F8CFF3600C49D7E /* ImageCell.swift */; };
		BC8A16DB1FC2C941006D9173 /* ImageCell.xib in Resources */ = {isa = PBXBuildFile; fileRef = BC7765191F8CFF3600C49D7E /* ImageCell.xib */; };
		BC8A16DC1FC2C941006D9173 /* PickerCell.swift in Sources */ = {isa = PBXBuildFile; fileRef = BC7765061F8CFF3600C49D7E /* PickerCell.swift */; };
		BC8A16DD1FC2C941006D9173 /* PickerCell.xib in Resources */ = {isa = PBXBuildFile; fileRef = BC7765181F8CFF3600C49D7E /* PickerCell.xib */; };
		BC8A16DE1FC2C941006D9173 /* ReactiveFormFieldCell.swift in Sources */ = {isa = PBXBuildFile; fileRef = BC7765161F8CFF3600C49D7E /* ReactiveFormFieldCell.swift */; };
		BC8A16DF1FC2C941006D9173 /* SpacerCell.swift in Sources */ = {isa = PBXBuildFile; fileRef = BC77650E1F8CFF3600C49D7E /* SpacerCell.swift */; };
		BC8A16E01FC2C941006D9173 /* StepperCell.swift in Sources */ = {isa = PBXBuildFile; fileRef = BC13F89D1F9F483E00AA95F7 /* StepperCell.swift */; };
		BC8A16E11FC2C941006D9173 /* StepperCell.xib in Resources */ = {isa = PBXBuildFile; fileRef = BC13F89F1F9F4D8F00AA95F7 /* StepperCell.xib */; };
		BC8A16E21FC2C941006D9173 /* TextFieldCell.swift in Sources */ = {isa = PBXBuildFile; fileRef = BC77650A1F8CFF3600C49D7E /* TextFieldCell.swift */; };
		BC8A16E31FC2C941006D9173 /* TextFieldCell.xib in Resources */ = {isa = PBXBuildFile; fileRef = BC7765151F8CFF3600C49D7E /* TextFieldCell.xib */; };
		BC8A16E41FC2C941006D9173 /* TitleCell.swift in Sources */ = {isa = PBXBuildFile; fileRef = BC7765071F8CFF3600C49D7E /* TitleCell.swift */; };
		BC8A16E51FC2C941006D9173 /* TitleCell.xib in Resources */ = {isa = PBXBuildFile; fileRef = BC7765111F8CFF3600C49D7E /* TitleCell.xib */; };
		BC8A16E61FC2C941006D9173 /* ToggleCell.swift in Sources */ = {isa = PBXBuildFile; fileRef = BC77650C1F8CFF3600C49D7E /* ToggleCell.swift */; };
		BC8A16E71FC2C941006D9173 /* ToggleCell.xib in Resources */ = {isa = PBXBuildFile; fileRef = BC77650B1F8CFF3600C49D7E /* ToggleCell.xib */; };
		BC8A16E81FC2C941006D9173 /* ValidationCell.swift in Sources */ = {isa = PBXBuildFile; fileRef = BC7765081F8CFF3600C49D7E /* ValidationCell.swift */; };
		BC8A16E91FC2C941006D9173 /* ValidationCell.xib in Resources */ = {isa = PBXBuildFile; fileRef = BC77650D1F8CFF3600C49D7E /* ValidationCell.xib */; };
		BC8A28CB1FAB826000B5C30A /* CustomTextCell.xib in Resources */ = {isa = PBXBuildFile; fileRef = BC8A28CA1FAB826000B5C30A /* CustomTextCell.xib */; };
		BCB1AEA21F8F53AC007DC284 /* EmptyViewController.swift in Sources */ = {isa = PBXBuildFile; fileRef = BCB1AEA11F8F53AC007DC284 /* EmptyViewController.swift */; };
		BCB1AEA51F8F548A007DC284 /* ReactiveForm.framework in Embed Frameworks */ = {isa = PBXBuildFile; fileRef = 4C5C20001F136F9800D52B41 /* ReactiveForm.framework */; settings = {ATTRIBUTES = (CodeSignOnCopy, RemoveHeadersOnCopy, ); }; };
		BCD4B0ED1FBF20640028F0E1 /* FormItem.swift in Sources */ = {isa = PBXBuildFile; fileRef = BCD4B0EC1FBF20640028F0E1 /* FormItem.swift */; };
		BCD4B0EF1FBF226D0028F0E1 /* FormItemProtocol.swift in Sources */ = {isa = PBXBuildFile; fileRef = BCD4B0EE1FBF226D0028F0E1 /* FormItemProtocol.swift */; };
		BCFBC5FC1FC3080200A657D1 /* Form.storyboard in Resources */ = {isa = PBXBuildFile; fileRef = BC8D38061F90939500043D06 /* Form.storyboard */; };
		BCFBC5FD1FC3080C00A657D1 /* ModalTransitioningDelegate.swift in Sources */ = {isa = PBXBuildFile; fileRef = BC77651C1F8CFF3600C49D7E /* ModalTransitioningDelegate.swift */; };
		BCFBC5FE1FC3080C00A657D1 /* ModalPresentationController.swift in Sources */ = {isa = PBXBuildFile; fileRef = BC77651D1F8CFF3600C49D7E /* ModalPresentationController.swift */; };
		BCFBC5FF1FC3080C00A657D1 /* ModalAnimationController.swift in Sources */ = {isa = PBXBuildFile; fileRef = BC77651E1F8CFF3600C49D7E /* ModalAnimationController.swift */; };
		BCFBC6001FC3080C00A657D1 /* GenericPickerViewController.swift in Sources */ = {isa = PBXBuildFile; fileRef = BC7765021F8CFF3600C49D7E /* GenericPickerViewController.swift */; };
		BCFBC6011FC3080C00A657D1 /* ModalViewController.swift in Sources */ = {isa = PBXBuildFile; fileRef = BC7765031F8CFF3600C49D7E /* ModalViewController.swift */; };
		BCFBC6021FC3080C00A657D1 /* GenericPickerViewModel.swift in Sources */ = {isa = PBXBuildFile; fileRef = BC7765201F8CFF3600C49D7E /* GenericPickerViewModel.swift */; };
/* End PBXBuildFile section */

/* Begin PBXContainerItemProxy section */
		4C5C200B1F136F9800D52B41 /* PBXContainerItemProxy */ = {
			isa = PBXContainerItemProxy;
			containerPortal = 4C5C1FF71F136F9800D52B41 /* Project object */;
			proxyType = 1;
			remoteGlobalIDString = 4C5C1FFF1F136F9800D52B41;
			remoteInfo = ReactiveForm;
		};
		4C8150491F1385FA001EC6CD /* PBXContainerItemProxy */ = {
			isa = PBXContainerItemProxy;
			containerPortal = 4C5C1FF71F136F9800D52B41 /* Project object */;
			proxyType = 1;
			remoteGlobalIDString = 4C5C1FFF1F136F9800D52B41;
			remoteInfo = ReactiveForm;
		};
/* End PBXContainerItemProxy section */

/* Begin PBXCopyFilesBuildPhase section */
		BCB1AEA61F8F548A007DC284 /* Embed Frameworks */ = {
			isa = PBXCopyFilesBuildPhase;
			buildActionMask = 2147483647;
			dstPath = "";
			dstSubfolderSpec = 10;
			files = (
				BCB1AEA51F8F548A007DC284 /* ReactiveForm.framework in Embed Frameworks */,
			);
			name = "Embed Frameworks";
			runOnlyForDeploymentPostprocessing = 0;
		};
/* End PBXCopyFilesBuildPhase section */

/* Begin PBXFileReference section */
		4C5C20001F136F9800D52B41 /* ReactiveForm.framework */ = {isa = PBXFileReference; explicitFileType = wrapper.framework; includeInIndex = 0; path = ReactiveForm.framework; sourceTree = BUILT_PRODUCTS_DIR; };
		4C5C20091F136F9800D52B41 /* ReactiveFormTests.xctest */ = {isa = PBXFileReference; explicitFileType = wrapper.cfbundle; includeInIndex = 0; path = ReactiveFormTests.xctest; sourceTree = BUILT_PRODUCTS_DIR; };
		4C5C200E1F136F9800D52B41 /* ReactiveFormTests.swift */ = {isa = PBXFileReference; lastKnownFileType = sourcecode.swift; path = ReactiveFormTests.swift; sourceTree = "<group>"; };
		4C5C20101F136F9800D52B41 /* Info.plist */ = {isa = PBXFileReference; lastKnownFileType = text.plist.xml; path = Info.plist; sourceTree = "<group>"; };
		4C5C202C1F13713000D52B41 /* Info.plist */ = {isa = PBXFileReference; fileEncoding = 4; lastKnownFileType = text.plist.xml; path = Info.plist; sourceTree = "<group>"; };
		4C5C202D1F13713000D52B41 /* ReactiveForm.h */ = {isa = PBXFileReference; fileEncoding = 4; lastKnownFileType = sourcecode.c.h; path = ReactiveForm.h; sourceTree = "<group>"; };
		4C5C20411F1371D400D52B41 /* Example.app */ = {isa = PBXFileReference; explicitFileType = wrapper.application; includeInIndex = 0; path = Example.app; sourceTree = BUILT_PRODUCTS_DIR; };
		4C5C20701F1372EE00D52B41 /* AppDelegate.swift */ = {isa = PBXFileReference; fileEncoding = 4; lastKnownFileType = sourcecode.swift; path = AppDelegate.swift; sourceTree = "<group>"; };
		4C5C20721F1372EE00D52B41 /* Assets.xcassets */ = {isa = PBXFileReference; lastKnownFileType = folder.assetcatalog; path = Assets.xcassets; sourceTree = "<group>"; };
		4C5C20731F1372EE00D52B41 /* Info.plist */ = {isa = PBXFileReference; fileEncoding = 4; lastKnownFileType = text.plist.xml; path = Info.plist; sourceTree = "<group>"; };
		4C5C20761F1372EE00D52B41 /* Base */ = {isa = PBXFileReference; lastKnownFileType = file.storyboard; name = Base; path = Base.lproj/LaunchScreen.storyboard; sourceTree = "<group>"; };
		4C5C20781F1372EE00D52B41 /* Base */ = {isa = PBXFileReference; lastKnownFileType = file.storyboard; name = Base; path = Base.lproj/Main.storyboard; sourceTree = "<group>"; };
		4C5C20791F1372EE00D52B41 /* Storyboard.swift */ = {isa = PBXFileReference; fileEncoding = 4; lastKnownFileType = sourcecode.swift; path = Storyboard.swift; sourceTree = "<group>"; };
		4C5C20911F1373B900D52B41 /* Cartfile */ = {isa = PBXFileReference; fileEncoding = 4; lastKnownFileType = text; path = Cartfile; sourceTree = "<group>"; };
		4C5C20931F1373C400D52B41 /* README.md */ = {isa = PBXFileReference; fileEncoding = 4; lastKnownFileType = net.daringfireball.markdown; path = README.md; sourceTree = "<group>"; };
		4C5C20951F13750000D52B41 /* DataSource.framework */ = {isa = PBXFileReference; lastKnownFileType = wrapper.framework; name = DataSource.framework; path = Carthage/Build/iOS/DataSource.framework; sourceTree = "<group>"; };
		4C5C20961F13750000D52B41 /* Diff.framework */ = {isa = PBXFileReference; lastKnownFileType = wrapper.framework; name = Diff.framework; path = Carthage/Build/iOS/Diff.framework; sourceTree = "<group>"; };
		4C5C20971F13750000D52B41 /* ReactiveCocoa.framework */ = {isa = PBXFileReference; lastKnownFileType = wrapper.framework; name = ReactiveCocoa.framework; path = Carthage/Build/iOS/ReactiveCocoa.framework; sourceTree = "<group>"; };
		4C5C20981F13750000D52B41 /* ReactiveSwift.framework */ = {isa = PBXFileReference; lastKnownFileType = wrapper.framework; name = ReactiveSwift.framework; path = Carthage/Build/iOS/ReactiveSwift.framework; sourceTree = "<group>"; };
		4C5C20991F13750000D52B41 /* Result.framework */ = {isa = PBXFileReference; lastKnownFileType = wrapper.framework; name = Result.framework; path = Carthage/Build/iOS/Result.framework; sourceTree = "<group>"; };
		BC13F89D1F9F483E00AA95F7 /* StepperCell.swift */ = {isa = PBXFileReference; lastKnownFileType = sourcecode.swift; path = StepperCell.swift; sourceTree = "<group>"; };
		BC13F89F1F9F4D8F00AA95F7 /* StepperCell.xib */ = {isa = PBXFileReference; lastKnownFileType = file.xib; path = StepperCell.xib; sourceTree = "<group>"; };
		BC13F8A11F9F592300AA95F7 /* ListOfFieldsViewModel.swift */ = {isa = PBXFileReference; lastKnownFileType = sourcecode.swift; path = ListOfFieldsViewModel.swift; sourceTree = "<group>"; };
		BC13F8A31F9F629400AA95F7 /* StepperFieldSettings.swift */ = {isa = PBXFileReference; lastKnownFileType = sourcecode.swift; path = StepperFieldSettings.swift; sourceTree = "<group>"; };
		BC6792D31F8D0614007BE23F /* Toast.swift */ = {isa = PBXFileReference; fileEncoding = 4; lastKnownFileType = sourcecode.swift; path = Toast.swift; sourceTree = "<group>"; };
		BC6792D41F8D0614007BE23F /* DesignableTextField.swift */ = {isa = PBXFileReference; fileEncoding = 4; lastKnownFileType = sourcecode.swift; path = DesignableTextField.swift; sourceTree = "<group>"; };
		BC6792D51F8D0614007BE23F /* ShadowView.swift */ = {isa = PBXFileReference; fileEncoding = 4; lastKnownFileType = sourcecode.swift; path = ShadowView.swift; sourceTree = "<group>"; };
		BC6792D61F8D0614007BE23F /* DesignableView.swift */ = {isa = PBXFileReference; fileEncoding = 4; lastKnownFileType = sourcecode.swift; path = DesignableView.swift; sourceTree = "<group>"; };
		BC6792D71F8D0614007BE23F /* DesignableGradientView.swift */ = {isa = PBXFileReference; fileEncoding = 4; lastKnownFileType = sourcecode.swift; path = DesignableGradientView.swift; sourceTree = "<group>"; };
		BC6792D81F8D0614007BE23F /* DesignableButton.swift */ = {isa = PBXFileReference; fileEncoding = 4; lastKnownFileType = sourcecode.swift; path = DesignableButton.swift; sourceTree = "<group>"; };
		BC724EDE1F9DF4E6005464F8 /* HomeViewModel.swift */ = {isa = PBXFileReference; lastKnownFileType = sourcecode.swift; path = HomeViewModel.swift; sourceTree = "<group>"; };
		BC724EE01F9DF669005464F8 /* Settings.swift */ = {isa = PBXFileReference; lastKnownFileType = sourcecode.swift; path = Settings.swift; sourceTree = "<group>"; };
		BC7764EF1F8CFF3600C49D7E /* Focusable.swift */ = {isa = PBXFileReference; lastKnownFileType = sourcecode.swift; path = Focusable.swift; sourceTree = "<group>"; };
		BC7764F01F8CFF3600C49D7E /* Validation.swift */ = {isa = PBXFileReference; lastKnownFileType = sourcecode.swift; path = Validation.swift; sourceTree = "<group>"; };
		BC7764F11F8CFF3600C49D7E /* Form.swift */ = {isa = PBXFileReference; lastKnownFileType = sourcecode.swift; path = Form.swift; sourceTree = "<group>"; };
		BC7764F31F8CFF3600C49D7E /* FormFieldContent.swift */ = {isa = PBXFileReference; lastKnownFileType = sourcecode.swift; path = FormFieldContent.swift; sourceTree = "<group>"; };
		BC7764F41F8CFF3600C49D7E /* ActivityIndicatorFieldSettings.swift */ = {isa = PBXFileReference; lastKnownFileType = sourcecode.swift; path = ActivityIndicatorFieldSettings.swift; sourceTree = "<group>"; };
		BC7764F51F8CFF3600C49D7E /* PickerFieldSettings.swift */ = {isa = PBXFileReference; lastKnownFileType = sourcecode.swift; path = PickerFieldSettings.swift; sourceTree = "<group>"; };
		BC7764F61F8CFF3600C49D7E /* FormFieldSettings.swift */ = {isa = PBXFileReference; lastKnownFileType = sourcecode.swift; path = FormFieldSettings.swift; sourceTree = "<group>"; };
		BC7764F71F8CFF3600C49D7E /* ImageFieldSettings.swift */ = {isa = PBXFileReference; lastKnownFileType = sourcecode.swift; path = ImageFieldSettings.swift; sourceTree = "<group>"; };
		BC7764F81F8CFF3600C49D7E /* FormField.swift */ = {isa = PBXFileReference; lastKnownFileType = sourcecode.swift; path = FormField.swift; sourceTree = "<group>"; };
		BC7764F91F8CFF3600C49D7E /* TextFieldSettings.swift */ = {isa = PBXFileReference; lastKnownFileType = sourcecode.swift; path = TextFieldSettings.swift; sourceTree = "<group>"; };
		BC7764FA1F8CFF3600C49D7E /* TitleFieldSettings.swift */ = {isa = PBXFileReference; lastKnownFileType = sourcecode.swift; path = TitleFieldSettings.swift; sourceTree = "<group>"; };
		BC7764FB1F8CFF3600C49D7E /* BodyTextFieldSettings.swift */ = {isa = PBXFileReference; lastKnownFileType = sourcecode.swift; path = BodyTextFieldSettings.swift; sourceTree = "<group>"; };
		BC7764FC1F8CFF3600C49D7E /* ToggleFieldSettings.swift */ = {isa = PBXFileReference; lastKnownFileType = sourcecode.swift; path = ToggleFieldSettings.swift; sourceTree = "<group>"; };
		BC7764FD1F8CFF3600C49D7E /* ButtonFieldSettings.swift */ = {isa = PBXFileReference; lastKnownFileType = sourcecode.swift; path = ButtonFieldSettings.swift; sourceTree = "<group>"; };
		BC7764FE1F8CFF3600C49D7E /* FormFieldProtocol.swift */ = {isa = PBXFileReference; lastKnownFileType = sourcecode.swift; path = FormFieldProtocol.swift; sourceTree = "<group>"; };
		BC7764FF1F8CFF3600C49D7E /* ValidationFieldSettings.swift */ = {isa = PBXFileReference; lastKnownFileType = sourcecode.swift; path = ValidationFieldSettings.swift; sourceTree = "<group>"; };
		BC7765001F8CFF3600C49D7E /* FormJSON.swift */ = {isa = PBXFileReference; lastKnownFileType = sourcecode.swift; path = FormJSON.swift; sourceTree = "<group>"; };
		BC7765021F8CFF3600C49D7E /* GenericPickerViewController.swift */ = {isa = PBXFileReference; lastKnownFileType = sourcecode.swift; path = GenericPickerViewController.swift; sourceTree = "<group>"; };
		BC7765031F8CFF3600C49D7E /* ModalViewController.swift */ = {isa = PBXFileReference; lastKnownFileType = sourcecode.swift; path = ModalViewController.swift; sourceTree = "<group>"; };
		BC7765051F8CFF3600C49D7E /* ButtonCell.xib */ = {isa = PBXFileReference; lastKnownFileType = file.xib; path = ButtonCell.xib; sourceTree = "<group>"; };
		BC7765061F8CFF3600C49D7E /* PickerCell.swift */ = {isa = PBXFileReference; lastKnownFileType = sourcecode.swift; path = PickerCell.swift; sourceTree = "<group>"; };
		BC7765071F8CFF3600C49D7E /* TitleCell.swift */ = {isa = PBXFileReference; lastKnownFileType = sourcecode.swift; path = TitleCell.swift; sourceTree = "<group>"; };
		BC7765081F8CFF3600C49D7E /* ValidationCell.swift */ = {isa = PBXFileReference; lastKnownFileType = sourcecode.swift; path = ValidationCell.swift; sourceTree = "<group>"; };
		BC7765091F8CFF3600C49D7E /* ActivityIndicatorCell.xib */ = {isa = PBXFileReference; lastKnownFileType = file.xib; path = ActivityIndicatorCell.xib; sourceTree = "<group>"; };
		BC77650A1F8CFF3600C49D7E /* TextFieldCell.swift */ = {isa = PBXFileReference; lastKnownFileType = sourcecode.swift; path = TextFieldCell.swift; sourceTree = "<group>"; };
		BC77650B1F8CFF3600C49D7E /* ToggleCell.xib */ = {isa = PBXFileReference; lastKnownFileType = file.xib; path = ToggleCell.xib; sourceTree = "<group>"; };
		BC77650C1F8CFF3600C49D7E /* ToggleCell.swift */ = {isa = PBXFileReference; lastKnownFileType = sourcecode.swift; path = ToggleCell.swift; sourceTree = "<group>"; };
		BC77650D1F8CFF3600C49D7E /* ValidationCell.xib */ = {isa = PBXFileReference; lastKnownFileType = file.xib; path = ValidationCell.xib; sourceTree = "<group>"; };
		BC77650E1F8CFF3600C49D7E /* SpacerCell.swift */ = {isa = PBXFileReference; lastKnownFileType = sourcecode.swift; path = SpacerCell.swift; sourceTree = "<group>"; };
		BC77650F1F8CFF3600C49D7E /* BodyTextCell.xib */ = {isa = PBXFileReference; lastKnownFileType = file.xib; path = BodyTextCell.xib; sourceTree = "<group>"; };
		BC7765101F8CFF3600C49D7E /* FormFieldCell.swift */ = {isa = PBXFileReference; lastKnownFileType = sourcecode.swift; path = FormFieldCell.swift; sourceTree = "<group>"; };
		BC7765111F8CFF3600C49D7E /* TitleCell.xib */ = {isa = PBXFileReference; lastKnownFileType = file.xib; path = TitleCell.xib; sourceTree = "<group>"; };
		BC7765121F8CFF3600C49D7E /* BodyTextCell.swift */ = {isa = PBXFileReference; lastKnownFileType = sourcecode.swift; path = BodyTextCell.swift; sourceTree = "<group>"; };
		BC7765131F8CFF3600C49D7E /* SpacerCell.xib */ = {isa = PBXFileReference; lastKnownFileType = file.xib; path = SpacerCell.xib; sourceTree = "<group>"; };
		BC7765141F8CFF3600C49D7E /* ButtonCell.swift */ = {isa = PBXFileReference; lastKnownFileType = sourcecode.swift; path = ButtonCell.swift; sourceTree = "<group>"; };
		BC7765151F8CFF3600C49D7E /* TextFieldCell.xib */ = {isa = PBXFileReference; lastKnownFileType = file.xib; path = TextFieldCell.xib; sourceTree = "<group>"; };
		BC7765161F8CFF3600C49D7E /* ReactiveFormFieldCell.swift */ = {isa = PBXFileReference; lastKnownFileType = sourcecode.swift; path = ReactiveFormFieldCell.swift; sourceTree = "<group>"; };
		BC7765171F8CFF3600C49D7E /* ActivityIndicatorCell.swift */ = {isa = PBXFileReference; lastKnownFileType = sourcecode.swift; path = ActivityIndicatorCell.swift; sourceTree = "<group>"; };
		BC7765181F8CFF3600C49D7E /* PickerCell.xib */ = {isa = PBXFileReference; lastKnownFileType = file.xib; path = PickerCell.xib; sourceTree = "<group>"; };
		BC7765191F8CFF3600C49D7E /* ImageCell.xib */ = {isa = PBXFileReference; lastKnownFileType = file.xib; path = ImageCell.xib; sourceTree = "<group>"; };
		BC77651A1F8CFF3600C49D7E /* ImageCell.swift */ = {isa = PBXFileReference; lastKnownFileType = sourcecode.swift; path = ImageCell.swift; sourceTree = "<group>"; };
		BC77651C1F8CFF3600C49D7E /* ModalTransitioningDelegate.swift */ = {isa = PBXFileReference; lastKnownFileType = sourcecode.swift; path = ModalTransitioningDelegate.swift; sourceTree = "<group>"; };
		BC77651D1F8CFF3600C49D7E /* ModalPresentationController.swift */ = {isa = PBXFileReference; lastKnownFileType = sourcecode.swift; path = ModalPresentationController.swift; sourceTree = "<group>"; };
		BC77651E1F8CFF3600C49D7E /* ModalAnimationController.swift */ = {isa = PBXFileReference; lastKnownFileType = sourcecode.swift; path = ModalAnimationController.swift; sourceTree = "<group>"; };
		BC7765201F8CFF3600C49D7E /* GenericPickerViewModel.swift */ = {isa = PBXFileReference; lastKnownFileType = sourcecode.swift; path = GenericPickerViewModel.swift; sourceTree = "<group>"; };
		BC7765221F8D00B400C49D7E /* CardViewModel.swift */ = {isa = PBXFileReference; lastKnownFileType = sourcecode.swift; path = CardViewModel.swift; sourceTree = "<group>"; };
		BC7765231F8D00B400C49D7E /* RegisterViewModel.swift */ = {isa = PBXFileReference; lastKnownFileType = sourcecode.swift; path = RegisterViewModel.swift; sourceTree = "<group>"; };
		BC7765251F8D00BE00C49D7E /* CardViewController.swift */ = {isa = PBXFileReference; lastKnownFileType = sourcecode.swift; path = CardViewController.swift; sourceTree = "<group>"; };
		BC7765261F8D022200C49D7E /* NavigationController.swift */ = {isa = PBXFileReference; lastKnownFileType = sourcecode.swift; path = NavigationController.swift; sourceTree = "<group>"; };
		BC7FEC0B1F8D09E40011C443 /* SimpleButton.framework */ = {isa = PBXFileReference; lastKnownFileType = wrapper.framework; name = SimpleButton.framework; path = Carthage/Build/iOS/SimpleButton.framework; sourceTree = "<group>"; };
		BC7FEC0D1F8D0A380011C443 /* Keyboard.swift */ = {isa = PBXFileReference; fileEncoding = 4; lastKnownFileType = sourcecode.swift; path = Keyboard.swift; sourceTree = "<group>"; };
		BC7FEC0F1F8E014E0011C443 /* UIView+Extension.swift */ = {isa = PBXFileReference; fileEncoding = 4; lastKnownFileType = sourcecode.swift; path = "UIView+Extension.swift"; sourceTree = "<group>"; };
		BC8A28CA1FAB826000B5C30A /* CustomTextCell.xib */ = {isa = PBXFileReference; lastKnownFileType = file.xib; path = CustomTextCell.xib; sourceTree = "<group>"; };
		BC8D38071F90939500043D06 /* Base */ = {isa = PBXFileReference; lastKnownFileType = file.storyboard; name = Base; path = Base.lproj/Form.storyboard; sourceTree = "<group>"; };
		BCB1AEA11F8F53AC007DC284 /* EmptyViewController.swift */ = {isa = PBXFileReference; lastKnownFileType = sourcecode.swift; path = EmptyViewController.swift; sourceTree = "<group>"; };
		BCD4B0EC1FBF20640028F0E1 /* FormItem.swift */ = {isa = PBXFileReference; lastKnownFileType = sourcecode.swift; path = FormItem.swift; sourceTree = "<group>"; };
		BCD4B0EE1FBF226D0028F0E1 /* FormItemProtocol.swift */ = {isa = PBXFileReference; lastKnownFileType = sourcecode.swift; path = FormItemProtocol.swift; sourceTree = "<group>"; };
/* End PBXFileReference section */

/* Begin PBXFrameworksBuildPhase section */
		4C5C1FFC1F136F9800D52B41 /* Frameworks */ = {
			isa = PBXFrameworksBuildPhase;
			buildActionMask = 2147483647;
			files = (
				4C5C209A1F13750000D52B41 /* DataSource.framework in Frameworks */,
				4C5C20A01F13750000D52B41 /* ReactiveCocoa.framework in Frameworks */,
				4C5C20A61F13750000D52B41 /* Result.framework in Frameworks */,
				4C5C209D1F13750000D52B41 /* Diff.framework in Frameworks */,
				4C5C20A31F13750000D52B41 /* ReactiveSwift.framework in Frameworks */,
			);
			runOnlyForDeploymentPostprocessing = 0;
		};
		4C5C20061F136F9800D52B41 /* Frameworks */ = {
			isa = PBXFrameworksBuildPhase;
			buildActionMask = 2147483647;
			files = (
				4C5C200A1F136F9800D52B41 /* ReactiveForm.framework in Frameworks */,
				4C5C209E1F13750000D52B41 /* Diff.framework in Frameworks */,
				4C5C20A41F13750000D52B41 /* ReactiveSwift.framework in Frameworks */,
				4C5C20A71F13750000D52B41 /* Result.framework in Frameworks */,
				4C5C209B1F13750000D52B41 /* DataSource.framework in Frameworks */,
				4C5C20A11F13750000D52B41 /* ReactiveCocoa.framework in Frameworks */,
			);
			runOnlyForDeploymentPostprocessing = 0;
		};
		4C5C203E1F1371D400D52B41 /* Frameworks */ = {
			isa = PBXFrameworksBuildPhase;
			buildActionMask = 2147483647;
			files = (
				4C5C209C1F13750000D52B41 /* DataSource.framework in Frameworks */,
				4C5C20A21F13750000D52B41 /* ReactiveCocoa.framework in Frameworks */,
				4C5C20A81F13750000D52B41 /* Result.framework in Frameworks */,
				4C5C209F1F13750000D52B41 /* Diff.framework in Frameworks */,
				BC7FEC0C1F8D09E50011C443 /* SimpleButton.framework in Frameworks */,
				4C5C20A51F13750000D52B41 /* ReactiveSwift.framework in Frameworks */,
				4C5C20AB1F13783E00D52B41 /* ReactiveForm.framework in Frameworks */,
			);
			runOnlyForDeploymentPostprocessing = 0;
		};
/* End PBXFrameworksBuildPhase section */

/* Begin PBXGroup section */
		4C5C1FF61F136F9800D52B41 = {
			isa = PBXGroup;
			children = (
				4C5C20911F1373B900D52B41 /* Cartfile */,
				4C5C20931F1373C400D52B41 /* README.md */,
				4C5C202A1F13713000D52B41 /* ReactiveForm */,
				4C5C200D1F136F9800D52B41 /* ReactiveFormTests */,
				4C5C206F1F1372EE00D52B41 /* Example */,
				4C5C20901F13738200D52B41 /* Carthage */,
				4C5C20011F136F9800D52B41 /* Products */,
				BC7765131F8CFF3600C49D7E /* SpacerCell.xib */,
				BCB1AEA31F8F5425007DC284 /* Frameworks */,
			);
			sourceTree = "<group>";
		};
		4C5C20011F136F9800D52B41 /* Products */ = {
			isa = PBXGroup;
			children = (
				4C5C20001F136F9800D52B41 /* ReactiveForm.framework */,
				4C5C20091F136F9800D52B41 /* ReactiveFormTests.xctest */,
				4C5C20411F1371D400D52B41 /* Example.app */,
			);
			name = Products;
			sourceTree = "<group>";
		};
		4C5C200D1F136F9800D52B41 /* ReactiveFormTests */ = {
			isa = PBXGroup;
			children = (
				4C5C200E1F136F9800D52B41 /* ReactiveFormTests.swift */,
				4C5C20101F136F9800D52B41 /* Info.plist */,
			);
			path = ReactiveFormTests;
			sourceTree = "<group>";
		};
		4C5C202A1F13713000D52B41 /* ReactiveForm */ = {
			isa = PBXGroup;
			children = (
				4C5C202C1F13713000D52B41 /* Info.plist */,
				BC7764EE1F8CFF3600C49D7E /* Models */,
				4C5C202D1F13713000D52B41 /* ReactiveForm.h */,
				BCB1AEA81F8F567B007DC284 /* Storyboards */,
				BC77651B1F8CFF3600C49D7E /* Transitions */,
				BC7765011F8CFF3600C49D7E /* ViewControllers */,
				BC77651F1F8CFF3600C49D7E /* ViewModels */,
				BC8A16D11FC2C8B7006D9173 /* Views */,
			);
			path = ReactiveForm;
			sourceTree = "<group>";
		};
		4C5C206F1F1372EE00D52B41 /* Example */ = {
			isa = PBXGroup;
			children = (
				4C5C20731F1372EE00D52B41 /* Info.plist */,
				4C5C20701F1372EE00D52B41 /* AppDelegate.swift */,
				BC7FEC0D1F8D0A380011C443 /* Keyboard.swift */,
				4C5C20711F1372EE00D52B41 /* Assets */,
				BCB1AEA71F8F565F007DC284 /* Form */,
				4C5C20741F1372EE00D52B41 /* Storyboards */,
				BC7765241F8D00BE00C49D7E /* ViewControllers */,
				BC7765211F8D00B400C49D7E /* ViewModels */,
				BC6792D21F8D05EA007BE23F /* Views */,
			);
			path = Example;
			sourceTree = "<group>";
		};
		4C5C20711F1372EE00D52B41 /* Assets */ = {
			isa = PBXGroup;
			children = (
				4C5C20721F1372EE00D52B41 /* Assets.xcassets */,
			);
			path = Assets;
			sourceTree = "<group>";
		};
		4C5C20741F1372EE00D52B41 /* Storyboards */ = {
			isa = PBXGroup;
			children = (
				4C5C20751F1372EE00D52B41 /* LaunchScreen.storyboard */,
				4C5C20771F1372EE00D52B41 /* Main.storyboard */,
				4C5C20791F1372EE00D52B41 /* Storyboard.swift */,
			);
			path = Storyboards;
			sourceTree = "<group>";
		};
		4C5C20901F13738200D52B41 /* Carthage */ = {
			isa = PBXGroup;
			children = (
				4C5C20951F13750000D52B41 /* DataSource.framework */,
				4C5C20961F13750000D52B41 /* Diff.framework */,
				4C5C20971F13750000D52B41 /* ReactiveCocoa.framework */,
				4C5C20981F13750000D52B41 /* ReactiveSwift.framework */,
				4C5C20991F13750000D52B41 /* Result.framework */,
				BC7FEC0B1F8D09E40011C443 /* SimpleButton.framework */,
			);
			name = Carthage;
			sourceTree = "<group>";
		};
		BC4568231FBD798A004ECEC2 /* Settings */ = {
			isa = PBXGroup;
			children = (
				BC7764F41F8CFF3600C49D7E /* ActivityIndicatorFieldSettings.swift */,
				BC7764FB1F8CFF3600C49D7E /* BodyTextFieldSettings.swift */,
				BC7764FD1F8CFF3600C49D7E /* ButtonFieldSettings.swift */,
				BC7764F71F8CFF3600C49D7E /* ImageFieldSettings.swift */,
				BC7764FA1F8CFF3600C49D7E /* TitleFieldSettings.swift */,
				BCD4B0EB1FBF20070028F0E1 /* Inputs */,
			);
			path = Settings;
			sourceTree = "<group>";
		};
		BC6792D21F8D05EA007BE23F /* Views */ = {
			isa = PBXGroup;
			children = (
				BC6792D81F8D0614007BE23F /* DesignableButton.swift */,
				BC6792D71F8D0614007BE23F /* DesignableGradientView.swift */,
				BC6792D41F8D0614007BE23F /* DesignableTextField.swift */,
				BC6792D61F8D0614007BE23F /* DesignableView.swift */,
				BC6792D51F8D0614007BE23F /* ShadowView.swift */,
				BC6792D31F8D0614007BE23F /* Toast.swift */,
				BC7FEC0F1F8E014E0011C443 /* UIView+Extension.swift */,
			);
			path = Views;
			sourceTree = "<group>";
		};
		BC7764EE1F8CFF3600C49D7E /* Models */ = {
			isa = PBXGroup;
			children = (
				BC7764EF1F8CFF3600C49D7E /* Focusable.swift */,
				BC7764F11F8CFF3600C49D7E /* Form.swift */,
				BC7765001F8CFF3600C49D7E /* FormJSON.swift */,
				BC7764F01F8CFF3600C49D7E /* Validation.swift */,
				BC7764F21F8CFF3600C49D7E /* Fields */,
			);
			path = Models;
			sourceTree = "<group>";
		};
		BC7764F21F8CFF3600C49D7E /* Fields */ = {
			isa = PBXGroup;
			children = (
				BC7764F81F8CFF3600C49D7E /* FormField.swift */,
				BCD4B0EC1FBF20640028F0E1 /* FormItem.swift */,
				BC7764F61F8CFF3600C49D7E /* FormFieldSettings.swift */,
				BC7764F31F8CFF3600C49D7E /* FormFieldContent.swift */,
				BC7764FE1F8CFF3600C49D7E /* FormFieldProtocol.swift */,
				BCD4B0EE1FBF226D0028F0E1 /* FormItemProtocol.swift */,
				BC4568231FBD798A004ECEC2 /* Settings */,
			);
			path = Fields;
			sourceTree = "<group>";
		};
		BC7765011F8CFF3600C49D7E /* ViewControllers */ = {
			isa = PBXGroup;
			children = (
				BC7765021F8CFF3600C49D7E /* GenericPickerViewController.swift */,
				BC7765031F8CFF3600C49D7E /* ModalViewController.swift */,
			);
			path = ViewControllers;
			sourceTree = "<group>";
		};
		BC7765041F8CFF3600C49D7E /* Cells */ = {
			isa = PBXGroup;
			children = (
				BC7765171F8CFF3600C49D7E /* ActivityIndicatorCell.swift */,
				BC7765091F8CFF3600C49D7E /* ActivityIndicatorCell.xib */,
				BC7765121F8CFF3600C49D7E /* BodyTextCell.swift */,
				BC77650F1F8CFF3600C49D7E /* BodyTextCell.xib */,
				BC7765141F8CFF3600C49D7E /* ButtonCell.swift */,
				BC7765051F8CFF3600C49D7E /* ButtonCell.xib */,
				BC7765101F8CFF3600C49D7E /* FormFieldCell.swift */,
				BC77651A1F8CFF3600C49D7E /* ImageCell.swift */,
				BC7765191F8CFF3600C49D7E /* ImageCell.xib */,
				BC7765061F8CFF3600C49D7E /* PickerCell.swift */,
				BC7765181F8CFF3600C49D7E /* PickerCell.xib */,
				BC7765161F8CFF3600C49D7E /* ReactiveFormFieldCell.swift */,
				BC77650E1F8CFF3600C49D7E /* SpacerCell.swift */,
				BC13F89D1F9F483E00AA95F7 /* StepperCell.swift */,
				BC13F89F1F9F4D8F00AA95F7 /* StepperCell.xib */,
				BC77650A1F8CFF3600C49D7E /* TextFieldCell.swift */,
				BC7765151F8CFF3600C49D7E /* TextFieldCell.xib */,
				BC7765071F8CFF3600C49D7E /* TitleCell.swift */,
				BC7765111F8CFF3600C49D7E /* TitleCell.xib */,
				BC77650C1F8CFF3600C49D7E /* ToggleCell.swift */,
				BC77650B1F8CFF3600C49D7E /* ToggleCell.xib */,
				BC7765081F8CFF3600C49D7E /* ValidationCell.swift */,
				BC77650D1F8CFF3600C49D7E /* ValidationCell.xib */,
			);
			path = Cells;
			sourceTree = "<group>";
		};
		BC77651B1F8CFF3600C49D7E /* Transitions */ = {
			isa = PBXGroup;
			children = (
				BC77651C1F8CFF3600C49D7E /* ModalTransitioningDelegate.swift */,
				BC77651D1F8CFF3600C49D7E /* ModalPresentationController.swift */,
				BC77651E1F8CFF3600C49D7E /* ModalAnimationController.swift */,
			);
			path = Transitions;
			sourceTree = "<group>";
		};
		BC77651F1F8CFF3600C49D7E /* ViewModels */ = {
			isa = PBXGroup;
			children = (
				BC7765201F8CFF3600C49D7E /* GenericPickerViewModel.swift */,
			);
			path = ViewModels;
			sourceTree = "<group>";
		};
		BC7765211F8D00B400C49D7E /* ViewModels */ = {
			isa = PBXGroup;
			children = (
				BC7765221F8D00B400C49D7E /* CardViewModel.swift */,
				BC7765231F8D00B400C49D7E /* RegisterViewModel.swift */,
				BC724EDE1F9DF4E6005464F8 /* HomeViewModel.swift */,
				BC724EE01F9DF669005464F8 /* Settings.swift */,
				BC13F8A11F9F592300AA95F7 /* ListOfFieldsViewModel.swift */,
			);
			path = ViewModels;
			sourceTree = "<group>";
		};
		BC7765241F8D00BE00C49D7E /* ViewControllers */ = {
			isa = PBXGroup;
			children = (
				BC7765261F8D022200C49D7E /* NavigationController.swift */,
				BC7765251F8D00BE00C49D7E /* CardViewController.swift */,
				BCB1AEA11F8F53AC007DC284 /* EmptyViewController.swift */,
			);
			path = ViewControllers;
			sourceTree = "<group>";
		};
		BC8A16D11FC2C8B7006D9173 /* Views */ = {
			isa = PBXGroup;
			children = (
				BC7765041F8CFF3600C49D7E /* Cells */,
			);
			path = Views;
			sourceTree = "<group>";
		};
		BC8A16D21FC2C8F2006D9173 /* Cells */ = {
			isa = PBXGroup;
			children = (
				BC8A28CA1FAB826000B5C30A /* CustomTextCell.xib */,
			);
			path = Cells;
			sourceTree = "<group>";
		};
		BCB1AEA31F8F5425007DC284 /* Frameworks */ = {
			isa = PBXGroup;
			children = (
			);
			name = Frameworks;
			sourceTree = "<group>";
		};
		BCB1AEA71F8F565F007DC284 /* Form */ = {
			isa = PBXGroup;
			children = (
				BC8A16D21FC2C8F2006D9173 /* Cells */,
			);
			path = Form;
			sourceTree = "<group>";
		};
		BCB1AEA81F8F567B007DC284 /* Storyboards */ = {
			isa = PBXGroup;
			children = (
				BC8D38061F90939500043D06 /* Form.storyboard */,
			);
			path = Storyboards;
			sourceTree = "<group>";
		};
		BCD4B0EB1FBF20070028F0E1 /* Inputs */ = {
			isa = PBXGroup;
			children = (
				BC7764F51F8CFF3600C49D7E /* PickerFieldSettings.swift */,
				BC7764F91F8CFF3600C49D7E /* TextFieldSettings.swift */,
				BC7764FC1F8CFF3600C49D7E /* ToggleFieldSettings.swift */,
				BC13F8A31F9F629400AA95F7 /* StepperFieldSettings.swift */,
				BC7764FF1F8CFF3600C49D7E /* ValidationFieldSettings.swift */,
			);
			path = Inputs;
			sourceTree = "<group>";
		};
/* End PBXGroup section */

/* Begin PBXHeadersBuildPhase section */
		4C5C1FFD1F136F9800D52B41 /* Headers */ = {
			isa = PBXHeadersBuildPhase;
			buildActionMask = 2147483647;
			files = (
				4C5C203B1F13713000D52B41 /* ReactiveForm.h in Headers */,
			);
			runOnlyForDeploymentPostprocessing = 0;
		};
/* End PBXHeadersBuildPhase section */

/* Begin PBXNativeTarget section */
		4C5C1FFF1F136F9800D52B41 /* ReactiveForm */ = {
			isa = PBXNativeTarget;
			buildConfigurationList = 4C5C20141F136F9800D52B41 /* Build configuration list for PBXNativeTarget "ReactiveForm" */;
			buildPhases = (
				4C5C1FFB1F136F9800D52B41 /* Sources */,
				4C5C1FFC1F136F9800D52B41 /* Frameworks */,
				4C5C1FFD1F136F9800D52B41 /* Headers */,
				4C5C1FFE1F136F9800D52B41 /* Resources */,
			);
			buildRules = (
			);
			dependencies = (
			);
			name = ReactiveForm;
			productName = ReactiveForm;
			productReference = 4C5C20001F136F9800D52B41 /* ReactiveForm.framework */;
			productType = "com.apple.product-type.framework";
		};
		4C5C20081F136F9800D52B41 /* ReactiveFormTests */ = {
			isa = PBXNativeTarget;
			buildConfigurationList = 4C5C20171F136F9800D52B41 /* Build configuration list for PBXNativeTarget "ReactiveFormTests" */;
			buildPhases = (
				4C5C20051F136F9800D52B41 /* Sources */,
				4C5C20061F136F9800D52B41 /* Frameworks */,
				4C5C20071F136F9800D52B41 /* Resources */,
			);
			buildRules = (
			);
			dependencies = (
				4C5C200C1F136F9800D52B41 /* PBXTargetDependency */,
			);
			name = ReactiveFormTests;
			productName = ReactiveFormTests;
			productReference = 4C5C20091F136F9800D52B41 /* ReactiveFormTests.xctest */;
			productType = "com.apple.product-type.bundle.unit-test";
		};
		4C5C20401F1371D400D52B41 /* Example */ = {
			isa = PBXNativeTarget;
			buildConfigurationList = 4C5C20661F1371D400D52B41 /* Build configuration list for PBXNativeTarget "Example" */;
			buildPhases = (
				4C5C203D1F1371D400D52B41 /* Sources */,
				4C5C203E1F1371D400D52B41 /* Frameworks */,
				4C5C203F1F1371D400D52B41 /* Resources */,
				4C5C20AA1F1375DC00D52B41 /* Carthage */,
				BCB1AEA61F8F548A007DC284 /* Embed Frameworks */,
			);
			buildRules = (
			);
			dependencies = (
				4C81504A1F1385FA001EC6CD /* PBXTargetDependency */,
			);
			name = Example;
			productName = Example;
			productReference = 4C5C20411F1371D400D52B41 /* Example.app */;
			productType = "com.apple.product-type.application";
		};
/* End PBXNativeTarget section */

/* Begin PBXProject section */
		4C5C1FF71F136F9800D52B41 /* Project object */ = {
			isa = PBXProject;
			attributes = {
				LastSwiftUpdateCheck = 0830;
				LastUpgradeCheck = 0900;
				ORGANIZATIONNAME = "aaa - all about apps GmbH";
				TargetAttributes = {
					4C5C1FFF1F136F9800D52B41 = {
						CreatedOnToolsVersion = 8.3.3;
						DevelopmentTeam = M8F9QH57A6;
						LastSwiftMigration = 0900;
						ProvisioningStyle = Automatic;
					};
					4C5C20081F136F9800D52B41 = {
						CreatedOnToolsVersion = 8.3.3;
						DevelopmentTeam = M8F9QH57A6;
						LastSwiftMigration = 0900;
						ProvisioningStyle = Automatic;
					};
					4C5C20401F1371D400D52B41 = {
						CreatedOnToolsVersion = 8.3.3;
						DevelopmentTeam = M8F9QH57A6;
						ProvisioningStyle = Automatic;
					};
				};
			};
			buildConfigurationList = 4C5C1FFA1F136F9800D52B41 /* Build configuration list for PBXProject "ReactiveForm" */;
			compatibilityVersion = "Xcode 3.2";
			developmentRegion = English;
			hasScannedForEncodings = 0;
			knownRegions = (
				en,
				Base,
			);
			mainGroup = 4C5C1FF61F136F9800D52B41;
			productRefGroup = 4C5C20011F136F9800D52B41 /* Products */;
			projectDirPath = "";
			projectRoot = "";
			targets = (
				4C5C1FFF1F136F9800D52B41 /* ReactiveForm */,
				4C5C20081F136F9800D52B41 /* ReactiveFormTests */,
				4C5C20401F1371D400D52B41 /* Example */,
			);
		};
/* End PBXProject section */

/* Begin PBXResourcesBuildPhase section */
		4C5C1FFE1F136F9800D52B41 /* Resources */ = {
			isa = PBXResourcesBuildPhase;
			buildActionMask = 2147483647;
			files = (
				BC8A16E51FC2C941006D9173 /* TitleCell.xib in Resources */,
				BC8A16D81FC2C941006D9173 /* ButtonCell.xib in Resources */,
				BCFBC5FC1FC3080200A657D1 /* Form.storyboard in Resources */,
				BC8A16E11FC2C941006D9173 /* StepperCell.xib in Resources */,
				BC8A16DB1FC2C941006D9173 /* ImageCell.xib in Resources */,
				BC8A16E91FC2C941006D9173 /* ValidationCell.xib in Resources */,
				BC8A16D61FC2C941006D9173 /* BodyTextCell.xib in Resources */,
				BC8A16D41FC2C941006D9173 /* ActivityIndicatorCell.xib in Resources */,
				BC8A16E71FC2C941006D9173 /* ToggleCell.xib in Resources */,
				BC8A16DD1FC2C941006D9173 /* PickerCell.xib in Resources */,
				BC8A16E31FC2C941006D9173 /* TextFieldCell.xib in Resources */,
			);
			runOnlyForDeploymentPostprocessing = 0;
		};
		4C5C20071F136F9800D52B41 /* Resources */ = {
			isa = PBXResourcesBuildPhase;
			buildActionMask = 2147483647;
			files = (
			);
			runOnlyForDeploymentPostprocessing = 0;
		};
		4C5C203F1F1371D400D52B41 /* Resources */ = {
			isa = PBXResourcesBuildPhase;
			buildActionMask = 2147483647;
			files = (
				BC8A28CB1FAB826000B5C30A /* CustomTextCell.xib in Resources */,
				4C5C20921F1373B900D52B41 /* Cartfile in Resources */,
				4C5C20861F1372EE00D52B41 /* LaunchScreen.storyboard in Resources */,
				BC6792EC1F8D0653007BE23F /* SpacerCell.xib in Resources */,
				4C5C20841F1372EE00D52B41 /* Assets.xcassets in Resources */,
				4C5C20871F1372EE00D52B41 /* Main.storyboard in Resources */,
			);
			runOnlyForDeploymentPostprocessing = 0;
		};
/* End PBXResourcesBuildPhase section */

/* Begin PBXShellScriptBuildPhase section */
		4C5C20AA1F1375DC00D52B41 /* Carthage */ = {
			isa = PBXShellScriptBuildPhase;
			buildActionMask = 2147483647;
			files = (
			);
			inputPaths = (
				"$(SRCROOT)/Carthage/Build/iOS/Diff.framework",
				"$(SRCROOT)/Carthage/Build/iOS/DataSource.framework",
				"$(SRCROOT)/Carthage/Build/iOS/ReactiveCocoa.framework",
				"$(SRCROOT)/Carthage/Build/iOS/ReactiveSwift.framework",
				"$(SRCROOT)/Carthage/Build/iOS/Result.framework",
				"$(SRCROOT)/Carthage/Build/iOS/SimpleButton.framework",
			);
			name = Carthage;
			outputPaths = (
			);
			runOnlyForDeploymentPostprocessing = 0;
			shellPath = /bin/sh;
			shellScript = "/usr/local/bin/carthage copy-frameworks";
		};
/* End PBXShellScriptBuildPhase section */

/* Begin PBXSourcesBuildPhase section */
		4C5C1FFB1F136F9800D52B41 /* Sources */ = {
			isa = PBXSourcesBuildPhase;
			buildActionMask = 2147483647;
			files = (
				BCFBC5FD1FC3080C00A657D1 /* ModalTransitioningDelegate.swift in Sources */,
				BC6792C41F8D02EC007BE23F /* TitleFieldSettings.swift in Sources */,
				BC6792B91F8D02E8007BE23F /* Form.swift in Sources */,
				BC8A16E41FC2C941006D9173 /* TitleCell.swift in Sources */,
				BC6792C01F8D02EC007BE23F /* FormFieldProtocol.swift in Sources */,
				BC6792C71F8D02F0007BE23F /* FormJSON.swift in Sources */,
				BCFBC5FE1FC3080C00A657D1 /* ModalPresentationController.swift in Sources */,
				BC6792C31F8D02EC007BE23F /* TextFieldSettings.swift in Sources */,
				BC13F8A41F9F629400AA95F7 /* StepperFieldSettings.swift in Sources */,
				BC6792BC1F8D02EC007BE23F /* ButtonFieldSettings.swift in Sources */,
				BC6792B81F8D02E8007BE23F /* Validation.swift in Sources */,
				BC8A16D51FC2C941006D9173 /* BodyTextCell.swift in Sources */,
				BCFBC6021FC3080C00A657D1 /* GenericPickerViewModel.swift in Sources */,
				BC8A16DA1FC2C941006D9173 /* ImageCell.swift in Sources */,
				BC6792C61F8D02EC007BE23F /* ValidationFieldSettings.swift in Sources */,
				BC6792B71F8D02E8007BE23F /* Focusable.swift in Sources */,
				BC8A16E61FC2C941006D9173 /* ToggleCell.swift in Sources */,
				BC8A16DE1FC2C941006D9173 /* ReactiveFormFieldCell.swift in Sources */,
				BC6792BD1F8D02EC007BE23F /* FormField.swift in Sources */,
				BCFBC5FF1FC3080C00A657D1 /* ModalAnimationController.swift in Sources */,
				BC6792BE1F8D02EC007BE23F /* FormFieldSettings.swift in Sources */,
				BC6792BB1F8D02EC007BE23F /* BodyTextFieldSettings.swift in Sources */,
				BC8A16D91FC2C941006D9173 /* FormFieldCell.swift in Sources */,
				BC6792C11F8D02EC007BE23F /* ImageFieldSettings.swift in Sources */,
				BC8A16DC1FC2C941006D9173 /* PickerCell.swift in Sources */,
				BCFBC6001FC3080C00A657D1 /* GenericPickerViewController.swift in Sources */,
				BC8A16D71FC2C941006D9173 /* ButtonCell.swift in Sources */,
				BCFBC6011FC3080C00A657D1 /* ModalViewController.swift in Sources */,
				BCD4B0ED1FBF20640028F0E1 /* FormItem.swift in Sources */,
				BC8A16DF1FC2C941006D9173 /* SpacerCell.swift in Sources */,
				BC6792BF1F8D02EC007BE23F /* FormFieldContent.swift in Sources */,
				BC8A16D31FC2C941006D9173 /* ActivityIndicatorCell.swift in Sources */,
				BC8A16E01FC2C941006D9173 /* StepperCell.swift in Sources */,
				BC6792BA1F8D02EC007BE23F /* ActivityIndicatorFieldSettings.swift in Sources */,
				BC8A16E81FC2C941006D9173 /* ValidationCell.swift in Sources */,
				BC6792C21F8D02EC007BE23F /* PickerFieldSettings.swift in Sources */,
				BCD4B0EF1FBF226D0028F0E1 /* FormItemProtocol.swift in Sources */,
				BC6792C51F8D02EC007BE23F /* ToggleFieldSettings.swift in Sources */,
				BC8A16E21FC2C941006D9173 /* TextFieldCell.swift in Sources */,
			);
			runOnlyForDeploymentPostprocessing = 0;
		};
		4C5C20051F136F9800D52B41 /* Sources */ = {
			isa = PBXSourcesBuildPhase;
			buildActionMask = 2147483647;
			files = (
				4C5C200F1F136F9800D52B41 /* ReactiveFormTests.swift in Sources */,
			);
			runOnlyForDeploymentPostprocessing = 0;
		};
		4C5C203D1F1371D400D52B41 /* Sources */ = {
			isa = PBXSourcesBuildPhase;
			buildActionMask = 2147483647;
			files = (
				BC6792DB1F8D0614007BE23F /* ShadowView.swift in Sources */,
				BC6792DD1F8D0614007BE23F /* DesignableGradientView.swift in Sources */,
				BC6792CF1F8D030C007BE23F /* CardViewController.swift in Sources */,
				BC724EE11F9DF669005464F8 /* Settings.swift in Sources */,
				BC6792D11F8D0311007BE23F /* RegisterViewModel.swift in Sources */,
				4C5C20881F1372EE00D52B41 /* Storyboard.swift in Sources */,
				BC6792DA1F8D0614007BE23F /* DesignableTextField.swift in Sources */,
				BC6792CE1F8D0308007BE23F /* NavigationController.swift in Sources */,
				BC724EDF1F9DF4E6005464F8 /* HomeViewModel.swift in Sources */,
				BC7FEC101F8E014F0011C443 /* UIView+Extension.swift in Sources */,
				BC13F8A21F9F592300AA95F7 /* ListOfFieldsViewModel.swift in Sources */,
				4C5C20831F1372EE00D52B41 /* AppDelegate.swift in Sources */,
				BC6792D01F8D0311007BE23F /* CardViewModel.swift in Sources */,
				BC6792DC1F8D0614007BE23F /* DesignableView.swift in Sources */,
				BC7FEC0E1F8D0A380011C443 /* Keyboard.swift in Sources */,
				BCB1AEA21F8F53AC007DC284 /* EmptyViewController.swift in Sources */,
				BC6792D91F8D0614007BE23F /* Toast.swift in Sources */,
				BC6792DE1F8D0614007BE23F /* DesignableButton.swift in Sources */,
			);
			runOnlyForDeploymentPostprocessing = 0;
		};
/* End PBXSourcesBuildPhase section */

/* Begin PBXTargetDependency section */
		4C5C200C1F136F9800D52B41 /* PBXTargetDependency */ = {
			isa = PBXTargetDependency;
			target = 4C5C1FFF1F136F9800D52B41 /* ReactiveForm */;
			targetProxy = 4C5C200B1F136F9800D52B41 /* PBXContainerItemProxy */;
		};
		4C81504A1F1385FA001EC6CD /* PBXTargetDependency */ = {
			isa = PBXTargetDependency;
			target = 4C5C1FFF1F136F9800D52B41 /* ReactiveForm */;
			targetProxy = 4C8150491F1385FA001EC6CD /* PBXContainerItemProxy */;
		};
/* End PBXTargetDependency section */

/* Begin PBXVariantGroup section */
		4C5C20751F1372EE00D52B41 /* LaunchScreen.storyboard */ = {
			isa = PBXVariantGroup;
			children = (
				4C5C20761F1372EE00D52B41 /* Base */,
			);
			name = LaunchScreen.storyboard;
			sourceTree = "<group>";
		};
		4C5C20771F1372EE00D52B41 /* Main.storyboard */ = {
			isa = PBXVariantGroup;
			children = (
				4C5C20781F1372EE00D52B41 /* Base */,
			);
			name = Main.storyboard;
			sourceTree = "<group>";
		};
		BC8D38061F90939500043D06 /* Form.storyboard */ = {
			isa = PBXVariantGroup;
			children = (
				BC8D38071F90939500043D06 /* Base */,
			);
			name = Form.storyboard;
			sourceTree = "<group>";
		};
/* End PBXVariantGroup section */

/* Begin XCBuildConfiguration section */
		4C5C20121F136F9800D52B41 /* Debug */ = {
			isa = XCBuildConfiguration;
			buildSettings = {
				ALWAYS_SEARCH_USER_PATHS = NO;
				CLANG_ANALYZER_NONNULL = YES;
				CLANG_ANALYZER_NUMBER_OBJECT_CONVERSION = YES_AGGRESSIVE;
				CLANG_CXX_LANGUAGE_STANDARD = "gnu++0x";
				CLANG_CXX_LIBRARY = "libc++";
				CLANG_ENABLE_MODULES = YES;
				CLANG_ENABLE_OBJC_ARC = YES;
				CLANG_WARN_BLOCK_CAPTURE_AUTORELEASING = YES;
				CLANG_WARN_BOOL_CONVERSION = YES;
				CLANG_WARN_COMMA = YES;
				CLANG_WARN_CONSTANT_CONVERSION = YES;
				CLANG_WARN_DIRECT_OBJC_ISA_USAGE = YES_ERROR;
				CLANG_WARN_DOCUMENTATION_COMMENTS = YES;
				CLANG_WARN_EMPTY_BODY = YES;
				CLANG_WARN_ENUM_CONVERSION = YES;
				CLANG_WARN_INFINITE_RECURSION = YES;
				CLANG_WARN_INT_CONVERSION = YES;
				CLANG_WARN_NON_LITERAL_NULL_CONVERSION = YES;
				CLANG_WARN_OBJC_LITERAL_CONVERSION = YES;
				CLANG_WARN_OBJC_ROOT_CLASS = YES_ERROR;
				CLANG_WARN_RANGE_LOOP_ANALYSIS = YES;
				CLANG_WARN_STRICT_PROTOTYPES = YES;
				CLANG_WARN_SUSPICIOUS_MOVE = YES;
				CLANG_WARN_UNREACHABLE_CODE = YES;
				CLANG_WARN__DUPLICATE_METHOD_MATCH = YES;
				"CODE_SIGN_IDENTITY[sdk=iphoneos*]" = "iPhone Developer";
				COPY_PHASE_STRIP = NO;
				CURRENT_PROJECT_VERSION = 1;
				DEBUG_INFORMATION_FORMAT = dwarf;
				ENABLE_STRICT_OBJC_MSGSEND = YES;
				ENABLE_TESTABILITY = YES;
				GCC_C_LANGUAGE_STANDARD = gnu99;
				GCC_DYNAMIC_NO_PIC = NO;
				GCC_NO_COMMON_BLOCKS = YES;
				GCC_OPTIMIZATION_LEVEL = 0;
				GCC_PREPROCESSOR_DEFINITIONS = (
					"DEBUG=1",
					"$(inherited)",
				);
				GCC_WARN_64_TO_32_BIT_CONVERSION = YES;
				GCC_WARN_ABOUT_RETURN_TYPE = YES_ERROR;
				GCC_WARN_UNDECLARED_SELECTOR = YES;
				GCC_WARN_UNINITIALIZED_AUTOS = YES_AGGRESSIVE;
				GCC_WARN_UNUSED_FUNCTION = YES;
				GCC_WARN_UNUSED_VARIABLE = YES;
				IPHONEOS_DEPLOYMENT_TARGET = 10.3;
				MTL_ENABLE_DEBUG_INFO = YES;
				ONLY_ACTIVE_ARCH = YES;
				SDKROOT = iphoneos;
				SWIFT_ACTIVE_COMPILATION_CONDITIONS = DEBUG;
				SWIFT_OPTIMIZATION_LEVEL = "-Onone";
				TARGETED_DEVICE_FAMILY = "1,2";
				VERSIONING_SYSTEM = "apple-generic";
				VERSION_INFO_PREFIX = "";
			};
			name = Debug;
		};
		4C5C20131F136F9800D52B41 /* Release */ = {
			isa = XCBuildConfiguration;
			buildSettings = {
				ALWAYS_SEARCH_USER_PATHS = NO;
				CLANG_ANALYZER_NONNULL = YES;
				CLANG_ANALYZER_NUMBER_OBJECT_CONVERSION = YES_AGGRESSIVE;
				CLANG_CXX_LANGUAGE_STANDARD = "gnu++0x";
				CLANG_CXX_LIBRARY = "libc++";
				CLANG_ENABLE_MODULES = YES;
				CLANG_ENABLE_OBJC_ARC = YES;
				CLANG_WARN_BLOCK_CAPTURE_AUTORELEASING = YES;
				CLANG_WARN_BOOL_CONVERSION = YES;
				CLANG_WARN_COMMA = YES;
				CLANG_WARN_CONSTANT_CONVERSION = YES;
				CLANG_WARN_DIRECT_OBJC_ISA_USAGE = YES_ERROR;
				CLANG_WARN_DOCUMENTATION_COMMENTS = YES;
				CLANG_WARN_EMPTY_BODY = YES;
				CLANG_WARN_ENUM_CONVERSION = YES;
				CLANG_WARN_INFINITE_RECURSION = YES;
				CLANG_WARN_INT_CONVERSION = YES;
				CLANG_WARN_NON_LITERAL_NULL_CONVERSION = YES;
				CLANG_WARN_OBJC_LITERAL_CONVERSION = YES;
				CLANG_WARN_OBJC_ROOT_CLASS = YES_ERROR;
				CLANG_WARN_RANGE_LOOP_ANALYSIS = YES;
				CLANG_WARN_STRICT_PROTOTYPES = YES;
				CLANG_WARN_SUSPICIOUS_MOVE = YES;
				CLANG_WARN_UNREACHABLE_CODE = YES;
				CLANG_WARN__DUPLICATE_METHOD_MATCH = YES;
				"CODE_SIGN_IDENTITY[sdk=iphoneos*]" = "iPhone Developer";
				COPY_PHASE_STRIP = NO;
				CURRENT_PROJECT_VERSION = 1;
				DEBUG_INFORMATION_FORMAT = "dwarf-with-dsym";
				ENABLE_NS_ASSERTIONS = NO;
				ENABLE_STRICT_OBJC_MSGSEND = YES;
				GCC_C_LANGUAGE_STANDARD = gnu99;
				GCC_NO_COMMON_BLOCKS = YES;
				GCC_WARN_64_TO_32_BIT_CONVERSION = YES;
				GCC_WARN_ABOUT_RETURN_TYPE = YES_ERROR;
				GCC_WARN_UNDECLARED_SELECTOR = YES;
				GCC_WARN_UNINITIALIZED_AUTOS = YES_AGGRESSIVE;
				GCC_WARN_UNUSED_FUNCTION = YES;
				GCC_WARN_UNUSED_VARIABLE = YES;
				IPHONEOS_DEPLOYMENT_TARGET = 10.3;
				MTL_ENABLE_DEBUG_INFO = NO;
				SDKROOT = iphoneos;
				SWIFT_OPTIMIZATION_LEVEL = "-Owholemodule";
				TARGETED_DEVICE_FAMILY = "1,2";
				VALIDATE_PRODUCT = YES;
				VERSIONING_SYSTEM = "apple-generic";
				VERSION_INFO_PREFIX = "";
			};
			name = Release;
		};
		4C5C20151F136F9800D52B41 /* Debug */ = {
			isa = XCBuildConfiguration;
			buildSettings = {
				CODE_SIGN_IDENTITY = "";
				DEFINES_MODULE = YES;
				DEVELOPMENT_TEAM = M8F9QH57A6;
				DYLIB_COMPATIBILITY_VERSION = 1;
				DYLIB_CURRENT_VERSION = 1;
				DYLIB_INSTALL_NAME_BASE = "@rpath";
				FRAMEWORK_SEARCH_PATHS = (
					"$(inherited)",
					"$(PROJECT_DIR)/Carthage/Build/iOS",
				);
				INFOPLIST_FILE = ReactiveForm/Info.plist;
				INSTALL_PATH = "$(LOCAL_LIBRARY_DIR)/Frameworks";
				LD_RUNPATH_SEARCH_PATHS = "$(inherited) @executable_path/Frameworks @loader_path/Frameworks";
				PRODUCT_BUNDLE_IDENTIFIER = at.allaboutapps.ReactiveForm;
				PRODUCT_NAME = "$(TARGET_NAME)";
				SKIP_INSTALL = YES;
				SWIFT_VERSION = 4.0;
			};
			name = Debug;
		};
		4C5C20161F136F9800D52B41 /* Release */ = {
			isa = XCBuildConfiguration;
			buildSettings = {
				CODE_SIGN_IDENTITY = "";
				DEFINES_MODULE = YES;
				DEVELOPMENT_TEAM = M8F9QH57A6;
				DYLIB_COMPATIBILITY_VERSION = 1;
				DYLIB_CURRENT_VERSION = 1;
				DYLIB_INSTALL_NAME_BASE = "@rpath";
				FRAMEWORK_SEARCH_PATHS = (
					"$(inherited)",
					"$(PROJECT_DIR)/Carthage/Build/iOS",
				);
				INFOPLIST_FILE = ReactiveForm/Info.plist;
				INSTALL_PATH = "$(LOCAL_LIBRARY_DIR)/Frameworks";
				LD_RUNPATH_SEARCH_PATHS = "$(inherited) @executable_path/Frameworks @loader_path/Frameworks";
				PRODUCT_BUNDLE_IDENTIFIER = at.allaboutapps.ReactiveForm;
				PRODUCT_NAME = "$(TARGET_NAME)";
				SKIP_INSTALL = YES;
				SWIFT_VERSION = 4.0;
			};
			name = Release;
		};
		4C5C20181F136F9800D52B41 /* Debug */ = {
			isa = XCBuildConfiguration;
			buildSettings = {
				ALWAYS_EMBED_SWIFT_STANDARD_LIBRARIES = YES;
				DEVELOPMENT_TEAM = M8F9QH57A6;
				FRAMEWORK_SEARCH_PATHS = (
					"$(inherited)",
					"$(PROJECT_DIR)/Carthage/Build/iOS",
				);
				INFOPLIST_FILE = ReactiveFormTests/Info.plist;
				LD_RUNPATH_SEARCH_PATHS = "$(inherited) @executable_path/Frameworks @loader_path/Frameworks";
				PRODUCT_BUNDLE_IDENTIFIER = at.allaboutapps.ReactiveFormTests;
				PRODUCT_NAME = "$(TARGET_NAME)";
				SWIFT_VERSION = 4.0;
			};
			name = Debug;
		};
		4C5C20191F136F9800D52B41 /* Release */ = {
			isa = XCBuildConfiguration;
			buildSettings = {
				ALWAYS_EMBED_SWIFT_STANDARD_LIBRARIES = YES;
				DEVELOPMENT_TEAM = M8F9QH57A6;
				FRAMEWORK_SEARCH_PATHS = (
					"$(inherited)",
					"$(PROJECT_DIR)/Carthage/Build/iOS",
				);
				INFOPLIST_FILE = ReactiveFormTests/Info.plist;
				LD_RUNPATH_SEARCH_PATHS = "$(inherited) @executable_path/Frameworks @loader_path/Frameworks";
				PRODUCT_BUNDLE_IDENTIFIER = at.allaboutapps.ReactiveFormTests;
				PRODUCT_NAME = "$(TARGET_NAME)";
				SWIFT_VERSION = 4.0;
			};
			name = Release;
		};
		4C5C20671F1371D400D52B41 /* Debug */ = {
			isa = XCBuildConfiguration;
			buildSettings = {
				ALWAYS_EMBED_SWIFT_STANDARD_LIBRARIES = YES;
				ASSETCATALOG_COMPILER_APPICON_NAME = AppIcon;
				DEVELOPMENT_TEAM = M8F9QH57A6;
				FRAMEWORK_SEARCH_PATHS = (
					"$(inherited)",
					"$(PROJECT_DIR)/Carthage/Build/iOS",
				);
				INFOPLIST_FILE = Example/Info.plist;
				LD_RUNPATH_SEARCH_PATHS = "$(inherited) @executable_path/Frameworks";
				PRODUCT_BUNDLE_IDENTIFIER = at.allaboutapps.Example;
				PRODUCT_NAME = "$(TARGET_NAME)";
				SWIFT_VERSION = 4.0;
				TARGETED_DEVICE_FAMILY = 1;
			};
			name = Debug;
		};
		4C5C20681F1371D400D52B41 /* Release */ = {
			isa = XCBuildConfiguration;
			buildSettings = {
				ALWAYS_EMBED_SWIFT_STANDARD_LIBRARIES = YES;
				ASSETCATALOG_COMPILER_APPICON_NAME = AppIcon;
				DEVELOPMENT_TEAM = M8F9QH57A6;
				FRAMEWORK_SEARCH_PATHS = (
					"$(inherited)",
					"$(PROJECT_DIR)/Carthage/Build/iOS",
				);
				INFOPLIST_FILE = Example/Info.plist;
				LD_RUNPATH_SEARCH_PATHS = "$(inherited) @executable_path/Frameworks";
				PRODUCT_BUNDLE_IDENTIFIER = at.allaboutapps.Example;
				PRODUCT_NAME = "$(TARGET_NAME)";
				SWIFT_VERSION = 4.0;
				TARGETED_DEVICE_FAMILY = 1;
			};
			name = Release;
		};
/* End XCBuildConfiguration section */

/* Begin XCConfigurationList section */
		4C5C1FFA1F136F9800D52B41 /* Build configuration list for PBXProject "ReactiveForm" */ = {
			isa = XCConfigurationList;
			buildConfigurations = (
				4C5C20121F136F9800D52B41 /* Debug */,
				4C5C20131F136F9800D52B41 /* Release */,
			);
			defaultConfigurationIsVisible = 0;
			defaultConfigurationName = Release;
		};
		4C5C20141F136F9800D52B41 /* Build configuration list for PBXNativeTarget "ReactiveForm" */ = {
			isa = XCConfigurationList;
			buildConfigurations = (
				4C5C20151F136F9800D52B41 /* Debug */,
				4C5C20161F136F9800D52B41 /* Release */,
			);
			defaultConfigurationIsVisible = 0;
			defaultConfigurationName = Release;
		};
		4C5C20171F136F9800D52B41 /* Build configuration list for PBXNativeTarget "ReactiveFormTests" */ = {
			isa = XCConfigurationList;
			buildConfigurations = (
				4C5C20181F136F9800D52B41 /* Debug */,
				4C5C20191F136F9800D52B41 /* Release */,
			);
			defaultConfigurationIsVisible = 0;
			defaultConfigurationName = Release;
		};
		4C5C20661F1371D400D52B41 /* Build configuration list for PBXNativeTarget "Example" */ = {
			isa = XCConfigurationList;
			buildConfigurations = (
				4C5C20671F1371D400D52B41 /* Debug */,
				4C5C20681F1371D400D52B41 /* Release */,
			);
			defaultConfigurationIsVisible = 0;
			defaultConfigurationName = Release;
		};
/* End XCConfigurationList section */
	};
	rootObject = 4C5C1FF71F136F9800D52B41 /* Project object */;
}
