// !$*UTF8*$!
{
	archiveVersion = 1;
	classes = {
	};
	objectVersion = 46;
	objects = {

/* Begin PBXBuildFile section */
		4C2CA2971F0CE96300CFFD92 /* ReactiveDatasourceTests.swift in Sources */ = {isa = PBXBuildFile; fileRef = 4C2CA2961F0CE96300CFFD92 /* ReactiveDatasourceTests.swift */; };
		4C2CA2A21F0CE96300CFFD92 /* ReactiveDatasourceUITests.swift in Sources */ = {isa = PBXBuildFile; fileRef = 4C2CA2A11F0CE96300CFFD92 /* ReactiveDatasourceUITests.swift */; };
		4C2CA2D41F0CEA8800CFFD92 /* Assets.xcassets in Resources */ = {isa = PBXBuildFile; fileRef = 4C2CA2B01F0CEA8800CFFD92 /* Assets.xcassets */; };
		4C2CA2D51F0CEA8800CFFD92 /* AppDelegate.swift in Sources */ = {isa = PBXBuildFile; fileRef = 4C2CA2B21F0CEA8800CFFD92 /* AppDelegate.swift */; };
		4C2CA2D61F0CEA8800CFFD92 /* Appearance.swift in Sources */ = {isa = PBXBuildFile; fileRef = 4C2CA2B31F0CEA8800CFFD92 /* Appearance.swift */; };
		4C2CA2D71F0CEA8800CFFD92 /* Config.swift in Sources */ = {isa = PBXBuildFile; fileRef = 4C2CA2B41F0CEA8800CFFD92 /* Config.swift */; };
		4C2CA2D81F0CEA8800CFFD92 /* .gitkeep in Resources */ = {isa = PBXBuildFile; fileRef = 4C2CA2B61F0CEA8800CFFD92 /* .gitkeep */; };
		4C2CA2D91F0CEA8800CFFD92 /* Environment.swift in Sources */ = {isa = PBXBuildFile; fileRef = 4C2CA2B71F0CEA8800CFFD92 /* Environment.swift */; };
		4C2CA2DA1F0CEA8800CFFD92 /* .gitkeep in Resources */ = {isa = PBXBuildFile; fileRef = 4C2CA2B91F0CEA8800CFFD92 /* .gitkeep */; };
		4C2CA2E11F0CEA8800CFFD92 /* LaunchScreen.storyboard in Resources */ = {isa = PBXBuildFile; fileRef = 4C2CA2C41F0CEA8800CFFD92 /* LaunchScreen.storyboard */; };
		4C2CA2E21F0CEA8800CFFD92 /* Main.storyboard in Resources */ = {isa = PBXBuildFile; fileRef = 4C2CA2C61F0CEA8800CFFD92 /* Main.storyboard */; };
		4C2CA2E31F0CEA8800CFFD92 /* Storyboard.swift in Sources */ = {isa = PBXBuildFile; fileRef = 4C2CA2C81F0CEA8800CFFD92 /* Storyboard.swift */; };
		4C2CA2E41F0CEA8800CFFD92 /* Strings.swift in Sources */ = {isa = PBXBuildFile; fileRef = 4C2CA2C91F0CEA8800CFFD92 /* Strings.swift */; };
		4C2CA2E51F0CEA8800CFFD92 /* .gitkeep in Resources */ = {isa = PBXBuildFile; fileRef = 4C2CA2CB1F0CEA8800CFFD92 /* .gitkeep */; };
		4C2CA2E71F0CEA8800CFFD92 /* .gitkeep in Resources */ = {isa = PBXBuildFile; fileRef = 4C2CA2CF1F0CEA8800CFFD92 /* .gitkeep */; };
		4C2CA2E81F0CEA8800CFFD92 /* .gitkeep in Resources */ = {isa = PBXBuildFile; fileRef = 4C2CA2D11F0CEA8800CFFD92 /* .gitkeep */; };
		4C2CA2E91F0CEA8800CFFD92 /* Info.plist in Resources */ = {isa = PBXBuildFile; fileRef = 4C2CA2D31F0CEA8800CFFD92 /* Info.plist */; };
		4C2CA2EC1F0CEBA100CFFD92 /* Cartfile in Resources */ = {isa = PBXBuildFile; fileRef = 4C2CA2EA1F0CEBA100CFFD92 /* Cartfile */; };
		4C2CA2ED1F0CEBA100CFFD92 /* Makefile in Sources */ = {isa = PBXBuildFile; fileRef = 4C2CA2EB1F0CEBA100CFFD92 /* Makefile */; };
		4C2CA2F41F0CECDF00CFFD92 /* DataSource.framework in Frameworks */ = {isa = PBXBuildFile; fileRef = 4C2CA2EF1F0CECDF00CFFD92 /* DataSource.framework */; };
		4C2CA2F51F0CECDF00CFFD92 /* Diff.framework in Frameworks */ = {isa = PBXBuildFile; fileRef = 4C2CA2F01F0CECDF00CFFD92 /* Diff.framework */; };
		4C2CA2F61F0CECDF00CFFD92 /* ReactiveCocoa.framework in Frameworks */ = {isa = PBXBuildFile; fileRef = 4C2CA2F11F0CECDF00CFFD92 /* ReactiveCocoa.framework */; };
		4C2CA2F71F0CECDF00CFFD92 /* ReactiveSwift.framework in Frameworks */ = {isa = PBXBuildFile; fileRef = 4C2CA2F21F0CECDF00CFFD92 /* ReactiveSwift.framework */; };
		4C2CA2F81F0CECDF00CFFD92 /* Result.framework in Frameworks */ = {isa = PBXBuildFile; fileRef = 4C2CA2F31F0CECDF00CFFD92 /* Result.framework */; };
		4C2CA2FB1F0CF16500CFFD92 /* FormViewController.swift in Sources */ = {isa = PBXBuildFile; fileRef = 4C2CA2FA1F0CF16500CFFD92 /* FormViewController.swift */; };
		4C2CA2FD1F0CF18800CFFD92 /* KeychainAccess.framework in Frameworks */ = {isa = PBXBuildFile; fileRef = 4C2CA2FC1F0CF18800CFFD92 /* KeychainAccess.framework */; };
		4C2CA3101F0CF25D00CFFD92 /* SwitchCell.swift in Sources */ = {isa = PBXBuildFile; fileRef = 4C2CA30B1F0CF25D00CFFD92 /* SwitchCell.swift */; };
		4C2CA3111F0CF25D00CFFD92 /* TextFieldCell.swift in Sources */ = {isa = PBXBuildFile; fileRef = 4C2CA30C1F0CF25D00CFFD92 /* TextFieldCell.swift */; };
		4C2CA3121F0CF25D00CFFD92 /* TitleCell.swift in Sources */ = {isa = PBXBuildFile; fileRef = 4C2CA30D1F0CF25D00CFFD92 /* TitleCell.swift */; };
		4C2CA3131F0CF25D00CFFD92 /* TitleCell.xib in Resources */ = {isa = PBXBuildFile; fileRef = 4C2CA30E1F0CF25D00CFFD92 /* TitleCell.xib */; };
		4C2CA3151F0D0FAF00CFFD92 /* .gitignore in Resources */ = {isa = PBXBuildFile; fileRef = 4C2CA3141F0D0FAF00CFFD92 /* .gitignore */; };
		4C2CA3181F0E3B2700CFFD92 /* ValidationCell.swift in Sources */ = {isa = PBXBuildFile; fileRef = 4C2CA3161F0E3B2700CFFD92 /* ValidationCell.swift */; };
		4C2CA3191F0E3B2700CFFD92 /* ValidationCell.xib in Resources */ = {isa = PBXBuildFile; fileRef = 4C2CA3171F0E3B2700CFFD92 /* ValidationCell.xib */; };
		4C2CA31D1F0FA5F300CFFD92 /* Form.swift in Sources */ = {isa = PBXBuildFile; fileRef = 4C2CA31C1F0FA5F300CFFD92 /* Form.swift */; };
		4C2CA31F1F0FAD2600CFFD92 /* TextInputTraits.swift in Sources */ = {isa = PBXBuildFile; fileRef = 4C2CA31E1F0FAD2600CFFD92 /* TextInputTraits.swift */; };
/* End PBXBuildFile section */

/* Begin PBXContainerItemProxy section */
		4C2CA2931F0CE96300CFFD92 /* PBXContainerItemProxy */ = {
			isa = PBXContainerItemProxy;
			containerPortal = 4C2CA2761F0CE96300CFFD92 /* Project object */;
			proxyType = 1;
			remoteGlobalIDString = 4C2CA27D1F0CE96300CFFD92;
			remoteInfo = ReactiveDatasource;
		};
		4C2CA29E1F0CE96300CFFD92 /* PBXContainerItemProxy */ = {
			isa = PBXContainerItemProxy;
			containerPortal = 4C2CA2761F0CE96300CFFD92 /* Project object */;
			proxyType = 1;
			remoteGlobalIDString = 4C2CA27D1F0CE96300CFFD92;
			remoteInfo = ReactiveDatasource;
		};
/* End PBXContainerItemProxy section */

/* Begin PBXFileReference section */
		4C2CA27E1F0CE96300CFFD92 /* ReactiveDatasource.app */ = {isa = PBXFileReference; explicitFileType = wrapper.application; includeInIndex = 0; path = ReactiveDatasource.app; sourceTree = BUILT_PRODUCTS_DIR; };
		4C2CA2921F0CE96300CFFD92 /* ReactiveDatasourceTests.xctest */ = {isa = PBXFileReference; explicitFileType = wrapper.cfbundle; includeInIndex = 0; path = ReactiveDatasourceTests.xctest; sourceTree = BUILT_PRODUCTS_DIR; };
		4C2CA2961F0CE96300CFFD92 /* ReactiveDatasourceTests.swift */ = {isa = PBXFileReference; lastKnownFileType = sourcecode.swift; path = ReactiveDatasourceTests.swift; sourceTree = "<group>"; };
		4C2CA2981F0CE96300CFFD92 /* Info.plist */ = {isa = PBXFileReference; lastKnownFileType = text.plist.xml; path = Info.plist; sourceTree = "<group>"; };
		4C2CA29D1F0CE96300CFFD92 /* ReactiveDatasourceUITests.xctest */ = {isa = PBXFileReference; explicitFileType = wrapper.cfbundle; includeInIndex = 0; path = ReactiveDatasourceUITests.xctest; sourceTree = BUILT_PRODUCTS_DIR; };
		4C2CA2A11F0CE96300CFFD92 /* ReactiveDatasourceUITests.swift */ = {isa = PBXFileReference; lastKnownFileType = sourcecode.swift; path = ReactiveDatasourceUITests.swift; sourceTree = "<group>"; };
		4C2CA2A31F0CE96300CFFD92 /* Info.plist */ = {isa = PBXFileReference; lastKnownFileType = text.plist.xml; path = Info.plist; sourceTree = "<group>"; };
		4C2CA2B01F0CEA8800CFFD92 /* Assets.xcassets */ = {isa = PBXFileReference; lastKnownFileType = folder.assetcatalog; path = Assets.xcassets; sourceTree = "<group>"; };
		4C2CA2B21F0CEA8800CFFD92 /* AppDelegate.swift */ = {isa = PBXFileReference; fileEncoding = 4; lastKnownFileType = sourcecode.swift; path = AppDelegate.swift; sourceTree = "<group>"; };
		4C2CA2B31F0CEA8800CFFD92 /* Appearance.swift */ = {isa = PBXFileReference; fileEncoding = 4; lastKnownFileType = sourcecode.swift; path = Appearance.swift; sourceTree = "<group>"; };
		4C2CA2B41F0CEA8800CFFD92 /* Config.swift */ = {isa = PBXFileReference; fileEncoding = 4; lastKnownFileType = sourcecode.swift; path = Config.swift; sourceTree = "<group>"; };
		4C2CA2B61F0CEA8800CFFD92 /* .gitkeep */ = {isa = PBXFileReference; fileEncoding = 4; lastKnownFileType = text; path = .gitkeep; sourceTree = "<group>"; };
		4C2CA2B71F0CEA8800CFFD92 /* Environment.swift */ = {isa = PBXFileReference; fileEncoding = 4; lastKnownFileType = sourcecode.swift; path = Environment.swift; sourceTree = "<group>"; };
		4C2CA2B91F0CEA8800CFFD92 /* .gitkeep */ = {isa = PBXFileReference; fileEncoding = 4; lastKnownFileType = text; path = .gitkeep; sourceTree = "<group>"; };
		4C2CA2C51F0CEA8800CFFD92 /* Base */ = {isa = PBXFileReference; lastKnownFileType = file.storyboard; name = Base; path = Base.lproj/LaunchScreen.storyboard; sourceTree = "<group>"; };
		4C2CA2C71F0CEA8800CFFD92 /* Base */ = {isa = PBXFileReference; lastKnownFileType = file.storyboard; name = Base; path = Base.lproj/Main.storyboard; sourceTree = "<group>"; };
		4C2CA2C81F0CEA8800CFFD92 /* Storyboard.swift */ = {isa = PBXFileReference; fileEncoding = 4; lastKnownFileType = sourcecode.swift; path = Storyboard.swift; sourceTree = "<group>"; };
		4C2CA2C91F0CEA8800CFFD92 /* Strings.swift */ = {isa = PBXFileReference; fileEncoding = 4; lastKnownFileType = sourcecode.swift; path = Strings.swift; sourceTree = "<group>"; };
		4C2CA2CB1F0CEA8800CFFD92 /* .gitkeep */ = {isa = PBXFileReference; fileEncoding = 4; lastKnownFileType = text; path = .gitkeep; sourceTree = "<group>"; };
		4C2CA2CF1F0CEA8800CFFD92 /* .gitkeep */ = {isa = PBXFileReference; fileEncoding = 4; lastKnownFileType = text; path = .gitkeep; sourceTree = "<group>"; };
		4C2CA2D11F0CEA8800CFFD92 /* .gitkeep */ = {isa = PBXFileReference; fileEncoding = 4; lastKnownFileType = text; path = .gitkeep; sourceTree = "<group>"; };
		4C2CA2D31F0CEA8800CFFD92 /* Info.plist */ = {isa = PBXFileReference; fileEncoding = 4; lastKnownFileType = text.plist.xml; path = Info.plist; sourceTree = "<group>"; };
		4C2CA2EA1F0CEBA100CFFD92 /* Cartfile */ = {isa = PBXFileReference; fileEncoding = 4; lastKnownFileType = text; path = Cartfile; sourceTree = "<group>"; };
		4C2CA2EB1F0CEBA100CFFD92 /* Makefile */ = {isa = PBXFileReference; fileEncoding = 4; lastKnownFileType = sourcecode.make; path = Makefile; sourceTree = "<group>"; };
		4C2CA2EF1F0CECDF00CFFD92 /* DataSource.framework */ = {isa = PBXFileReference; lastKnownFileType = wrapper.framework; name = DataSource.framework; path = Carthage/Build/iOS/DataSource.framework; sourceTree = "<group>"; };
		4C2CA2F01F0CECDF00CFFD92 /* Diff.framework */ = {isa = PBXFileReference; lastKnownFileType = wrapper.framework; name = Diff.framework; path = Carthage/Build/iOS/Diff.framework; sourceTree = "<group>"; };
		4C2CA2F11F0CECDF00CFFD92 /* ReactiveCocoa.framework */ = {isa = PBXFileReference; lastKnownFileType = wrapper.framework; name = ReactiveCocoa.framework; path = Carthage/Build/iOS/ReactiveCocoa.framework; sourceTree = "<group>"; };
		4C2CA2F21F0CECDF00CFFD92 /* ReactiveSwift.framework */ = {isa = PBXFileReference; lastKnownFileType = wrapper.framework; name = ReactiveSwift.framework; path = Carthage/Build/iOS/ReactiveSwift.framework; sourceTree = "<group>"; };
		4C2CA2F31F0CECDF00CFFD92 /* Result.framework */ = {isa = PBXFileReference; lastKnownFileType = wrapper.framework; name = Result.framework; path = Carthage/Build/iOS/Result.framework; sourceTree = "<group>"; };
		4C2CA2FA1F0CF16500CFFD92 /* FormViewController.swift */ = {isa = PBXFileReference; fileEncoding = 4; lastKnownFileType = sourcecode.swift; path = FormViewController.swift; sourceTree = "<group>"; };
		4C2CA2FC1F0CF18800CFFD92 /* KeychainAccess.framework */ = {isa = PBXFileReference; lastKnownFileType = wrapper.framework; name = KeychainAccess.framework; path = Carthage/Build/iOS/KeychainAccess.framework; sourceTree = "<group>"; };
		4C2CA30B1F0CF25D00CFFD92 /* SwitchCell.swift */ = {isa = PBXFileReference; fileEncoding = 4; lastKnownFileType = sourcecode.swift; path = SwitchCell.swift; sourceTree = "<group>"; };
		4C2CA30C1F0CF25D00CFFD92 /* TextFieldCell.swift */ = {isa = PBXFileReference; fileEncoding = 4; lastKnownFileType = sourcecode.swift; path = TextFieldCell.swift; sourceTree = "<group>"; };
		4C2CA30D1F0CF25D00CFFD92 /* TitleCell.swift */ = {isa = PBXFileReference; fileEncoding = 4; lastKnownFileType = sourcecode.swift; path = TitleCell.swift; sourceTree = "<group>"; };
		4C2CA30E1F0CF25D00CFFD92 /* TitleCell.xib */ = {isa = PBXFileReference; fileEncoding = 4; lastKnownFileType = file.xib; path = TitleCell.xib; sourceTree = "<group>"; };
		4C2CA3141F0D0FAF00CFFD92 /* .gitignore */ = {isa = PBXFileReference; fileEncoding = 4; lastKnownFileType = text; path = .gitignore; sourceTree = "<group>"; };
		4C2CA3161F0E3B2700CFFD92 /* ValidationCell.swift */ = {isa = PBXFileReference; fileEncoding = 4; lastKnownFileType = sourcecode.swift; path = ValidationCell.swift; sourceTree = "<group>"; };
		4C2CA3171F0E3B2700CFFD92 /* ValidationCell.xib */ = {isa = PBXFileReference; fileEncoding = 4; lastKnownFileType = file.xib; path = ValidationCell.xib; sourceTree = "<group>"; };
		4C2CA31C1F0FA5F300CFFD92 /* Form.swift */ = {isa = PBXFileReference; fileEncoding = 4; lastKnownFileType = sourcecode.swift; path = Form.swift; sourceTree = "<group>"; };
		4C2CA31E1F0FAD2600CFFD92 /* TextInputTraits.swift */ = {isa = PBXFileReference; fileEncoding = 4; lastKnownFileType = sourcecode.swift; path = TextInputTraits.swift; sourceTree = "<group>"; };
/* End PBXFileReference section */

/* Begin PBXFrameworksBuildPhase section */
		4C2CA27B1F0CE96300CFFD92 /* Frameworks */ = {
			isa = PBXFrameworksBuildPhase;
			buildActionMask = 2147483647;
			files = (
				4C2CA2FD1F0CF18800CFFD92 /* KeychainAccess.framework in Frameworks */,
				4C2CA2F41F0CECDF00CFFD92 /* DataSource.framework in Frameworks */,
				4C2CA2F61F0CECDF00CFFD92 /* ReactiveCocoa.framework in Frameworks */,
				4C2CA2F81F0CECDF00CFFD92 /* Result.framework in Frameworks */,
				4C2CA2F51F0CECDF00CFFD92 /* Diff.framework in Frameworks */,
				4C2CA2F71F0CECDF00CFFD92 /* ReactiveSwift.framework in Frameworks */,
			);
			runOnlyForDeploymentPostprocessing = 0;
		};
		4C2CA28F1F0CE96300CFFD92 /* Frameworks */ = {
			isa = PBXFrameworksBuildPhase;
			buildActionMask = 2147483647;
			files = (
			);
			runOnlyForDeploymentPostprocessing = 0;
		};
		4C2CA29A1F0CE96300CFFD92 /* Frameworks */ = {
			isa = PBXFrameworksBuildPhase;
			buildActionMask = 2147483647;
			files = (
			);
			runOnlyForDeploymentPostprocessing = 0;
		};
/* End PBXFrameworksBuildPhase section */

/* Begin PBXGroup section */
		4C2CA2751F0CE96300CFFD92 = {
			isa = PBXGroup;
			children = (
				4C2CA2EA1F0CEBA100CFFD92 /* Cartfile */,
				4C2CA2EB1F0CEBA100CFFD92 /* Makefile */,
				4C2CA3141F0D0FAF00CFFD92 /* .gitignore */,
				4C2CA2801F0CE96300CFFD92 /* ReactiveDatasource */,
				4C2CA2951F0CE96300CFFD92 /* ReactiveDatasourceTests */,
				4C2CA2A01F0CE96300CFFD92 /* ReactiveDatasourceUITests */,
				4C2CA2EE1F0CECA300CFFD92 /* Carthage */,
				4C2CA27F1F0CE96300CFFD92 /* Products */,
			);
			sourceTree = "<group>";
		};
		4C2CA27F1F0CE96300CFFD92 /* Products */ = {
			isa = PBXGroup;
			children = (
				4C2CA27E1F0CE96300CFFD92 /* ReactiveDatasource.app */,
				4C2CA2921F0CE96300CFFD92 /* ReactiveDatasourceTests.xctest */,
				4C2CA29D1F0CE96300CFFD92 /* ReactiveDatasourceUITests.xctest */,
			);
			name = Products;
			sourceTree = "<group>";
		};
		4C2CA2801F0CE96300CFFD92 /* ReactiveDatasource */ = {
			isa = PBXGroup;
			children = (
				4C2CA2AF1F0CEA8800CFFD92 /* Assets */,
				4C2CA2B11F0CEA8800CFFD92 /* Code */,
				4C2CA2D21F0CEA8800CFFD92 /* SupportingFiles */,
			);
			path = ReactiveDatasource;
			sourceTree = "<group>";
		};
		4C2CA2951F0CE96300CFFD92 /* ReactiveDatasourceTests */ = {
			isa = PBXGroup;
			children = (
				4C2CA2961F0CE96300CFFD92 /* ReactiveDatasourceTests.swift */,
				4C2CA2981F0CE96300CFFD92 /* Info.plist */,
			);
			path = ReactiveDatasourceTests;
			sourceTree = "<group>";
		};
		4C2CA2A01F0CE96300CFFD92 /* ReactiveDatasourceUITests */ = {
			isa = PBXGroup;
			children = (
				4C2CA2A11F0CE96300CFFD92 /* ReactiveDatasourceUITests.swift */,
				4C2CA2A31F0CE96300CFFD92 /* Info.plist */,
			);
			path = ReactiveDatasourceUITests;
			sourceTree = "<group>";
		};
		4C2CA2AF1F0CEA8800CFFD92 /* Assets */ = {
			isa = PBXGroup;
			children = (
				4C2CA2B01F0CEA8800CFFD92 /* Assets.xcassets */,
			);
			path = Assets;
			sourceTree = "<group>";
		};
		4C2CA2B11F0CEA8800CFFD92 /* Code */ = {
			isa = PBXGroup;
			children = (
				4C2CA2B21F0CEA8800CFFD92 /* AppDelegate.swift */,
				4C2CA2B31F0CEA8800CFFD92 /* Appearance.swift */,
				4C2CA2B41F0CEA8800CFFD92 /* Config.swift */,
				4C2CA2B51F0CEA8800CFFD92 /* Controllers */,
				4C2CA2B71F0CEA8800CFFD92 /* Environment.swift */,
				4C2CA2B81F0CEA8800CFFD92 /* Extensions */,
				4C2CA2BA1F0CEA8800CFFD92 /* Models */,
				4C2CA2C31F0CEA8800CFFD92 /* Storyboards */,
				4C2CA2C91F0CEA8800CFFD92 /* Strings.swift */,
				4C2CA2CA1F0CEA8800CFFD92 /* Utilities */,
				4C2CA2CC1F0CEA8800CFFD92 /* ViewControllers */,
				4C2CA2CE1F0CEA8800CFFD92 /* ViewModels */,
				4C2CA2D01F0CEA8800CFFD92 /* Views */,
			);
			path = Code;
			sourceTree = "<group>";
		};
		4C2CA2B51F0CEA8800CFFD92 /* Controllers */ = {
			isa = PBXGroup;
			children = (
				4C2CA2B61F0CEA8800CFFD92 /* .gitkeep */,
			);
			path = Controllers;
			sourceTree = "<group>";
		};
		4C2CA2B81F0CEA8800CFFD92 /* Extensions */ = {
			isa = PBXGroup;
			children = (
				4C2CA2B91F0CEA8800CFFD92 /* .gitkeep */,
			);
			path = Extensions;
			sourceTree = "<group>";
		};
		4C2CA2BA1F0CEA8800CFFD92 /* Models */ = {
			isa = PBXGroup;
			children = (
				4C2CA31C1F0FA5F300CFFD92 /* Form.swift */,
				4C2CA31E1F0FAD2600CFFD92 /* TextInputTraits.swift */,
			);
			path = Models;
			sourceTree = "<group>";
		};
		4C2CA2C31F0CEA8800CFFD92 /* Storyboards */ = {
			isa = PBXGroup;
			children = (
				4C2CA2C41F0CEA8800CFFD92 /* LaunchScreen.storyboard */,
				4C2CA2C61F0CEA8800CFFD92 /* Main.storyboard */,
				4C2CA2C81F0CEA8800CFFD92 /* Storyboard.swift */,
			);
			path = Storyboards;
			sourceTree = "<group>";
		};
		4C2CA2CA1F0CEA8800CFFD92 /* Utilities */ = {
			isa = PBXGroup;
			children = (
				4C2CA2CB1F0CEA8800CFFD92 /* .gitkeep */,
			);
			path = Utilities;
			sourceTree = "<group>";
		};
		4C2CA2CC1F0CEA8800CFFD92 /* ViewControllers */ = {
			isa = PBXGroup;
			children = (
				4C2CA3091F0CF25D00CFFD92 /* Cells */,
				4C2CA2FA1F0CF16500CFFD92 /* FormViewController.swift */,
			);
			path = ViewControllers;
			sourceTree = "<group>";
		};
		4C2CA2CE1F0CEA8800CFFD92 /* ViewModels */ = {
			isa = PBXGroup;
			children = (
				4C2CA2CF1F0CEA8800CFFD92 /* .gitkeep */,
			);
			path = ViewModels;
			sourceTree = "<group>";
		};
		4C2CA2D01F0CEA8800CFFD92 /* Views */ = {
			isa = PBXGroup;
			children = (
				4C2CA2D11F0CEA8800CFFD92 /* .gitkeep */,
			);
			path = Views;
			sourceTree = "<group>";
		};
		4C2CA2D21F0CEA8800CFFD92 /* SupportingFiles */ = {
			isa = PBXGroup;
			children = (
				4C2CA2D31F0CEA8800CFFD92 /* Info.plist */,
			);
			path = SupportingFiles;
			sourceTree = "<group>";
		};
		4C2CA2EE1F0CECA300CFFD92 /* Carthage */ = {
			isa = PBXGroup;
			children = (
				4C2CA2FC1F0CF18800CFFD92 /* KeychainAccess.framework */,
				4C2CA2EF1F0CECDF00CFFD92 /* DataSource.framework */,
				4C2CA2F01F0CECDF00CFFD92 /* Diff.framework */,
				4C2CA2F11F0CECDF00CFFD92 /* ReactiveCocoa.framework */,
				4C2CA2F21F0CECDF00CFFD92 /* ReactiveSwift.framework */,
				4C2CA2F31F0CECDF00CFFD92 /* Result.framework */,
			);
			name = Carthage;
			sourceTree = "<group>";
		};
		4C2CA3091F0CF25D00CFFD92 /* Cells */ = {
			isa = PBXGroup;
			children = (
				4C2CA30B1F0CF25D00CFFD92 /* SwitchCell.swift */,
				4C2CA30C1F0CF25D00CFFD92 /* TextFieldCell.swift */,
				4C2CA30D1F0CF25D00CFFD92 /* TitleCell.swift */,
				4C2CA30E1F0CF25D00CFFD92 /* TitleCell.xib */,
				4C2CA3161F0E3B2700CFFD92 /* ValidationCell.swift */,
				4C2CA3171F0E3B2700CFFD92 /* ValidationCell.xib */,
			);
			path = Cells;
			sourceTree = "<group>";
		};
/* End PBXGroup section */

/* Begin PBXNativeTarget section */
		4C2CA27D1F0CE96300CFFD92 /* ReactiveDatasource */ = {
			isa = PBXNativeTarget;
			buildConfigurationList = 4C2CA2A61F0CE96300CFFD92 /* Build configuration list for PBXNativeTarget "ReactiveDatasource" */;
			buildPhases = (
				4C2CA27A1F0CE96300CFFD92 /* Sources */,
				4C2CA27B1F0CE96300CFFD92 /* Frameworks */,
				4C2CA27C1F0CE96300CFFD92 /* Resources */,
				4C2CA2F91F0CECEB00CFFD92 /* Carthage */,
			);
			buildRules = (
			);
			dependencies = (
			);
			name = ReactiveDatasource;
			productName = ReactiveDatasource;
			productReference = 4C2CA27E1F0CE96300CFFD92 /* ReactiveDatasource.app */;
			productType = "com.apple.product-type.application";
		};
		4C2CA2911F0CE96300CFFD92 /* ReactiveDatasourceTests */ = {
			isa = PBXNativeTarget;
			buildConfigurationList = 4C2CA2A91F0CE96300CFFD92 /* Build configuration list for PBXNativeTarget "ReactiveDatasourceTests" */;
			buildPhases = (
				4C2CA28E1F0CE96300CFFD92 /* Sources */,
				4C2CA28F1F0CE96300CFFD92 /* Frameworks */,
				4C2CA2901F0CE96300CFFD92 /* Resources */,
			);
			buildRules = (
			);
			dependencies = (
				4C2CA2941F0CE96300CFFD92 /* PBXTargetDependency */,
			);
			name = ReactiveDatasourceTests;
			productName = ReactiveDatasourceTests;
			productReference = 4C2CA2921F0CE96300CFFD92 /* ReactiveDatasourceTests.xctest */;
			productType = "com.apple.product-type.bundle.unit-test";
		};
		4C2CA29C1F0CE96300CFFD92 /* ReactiveDatasourceUITests */ = {
			isa = PBXNativeTarget;
			buildConfigurationList = 4C2CA2AC1F0CE96300CFFD92 /* Build configuration list for PBXNativeTarget "ReactiveDatasourceUITests" */;
			buildPhases = (
				4C2CA2991F0CE96300CFFD92 /* Sources */,
				4C2CA29A1F0CE96300CFFD92 /* Frameworks */,
				4C2CA29B1F0CE96300CFFD92 /* Resources */,
			);
			buildRules = (
			);
			dependencies = (
				4C2CA29F1F0CE96300CFFD92 /* PBXTargetDependency */,
			);
			name = ReactiveDatasourceUITests;
			productName = ReactiveDatasourceUITests;
			productReference = 4C2CA29D1F0CE96300CFFD92 /* ReactiveDatasourceUITests.xctest */;
			productType = "com.apple.product-type.bundle.ui-testing";
		};
/* End PBXNativeTarget section */

/* Begin PBXProject section */
		4C2CA2761F0CE96300CFFD92 /* Project object */ = {
			isa = PBXProject;
			attributes = {
				LastSwiftUpdateCheck = 0830;
				LastUpgradeCheck = 0830;
				ORGANIZATIONNAME = "aaa - all about apps GmbH";
				TargetAttributes = {
					4C2CA27D1F0CE96300CFFD92 = {
						CreatedOnToolsVersion = 8.3.3;
						DevelopmentTeam = M8F9QH57A6;
						ProvisioningStyle = Automatic;
					};
					4C2CA2911F0CE96300CFFD92 = {
						CreatedOnToolsVersion = 8.3.3;
						DevelopmentTeam = M8F9QH57A6;
						ProvisioningStyle = Automatic;
						TestTargetID = 4C2CA27D1F0CE96300CFFD92;
					};
					4C2CA29C1F0CE96300CFFD92 = {
						CreatedOnToolsVersion = 8.3.3;
						DevelopmentTeam = M8F9QH57A6;
						ProvisioningStyle = Automatic;
						TestTargetID = 4C2CA27D1F0CE96300CFFD92;
					};
				};
			};
			buildConfigurationList = 4C2CA2791F0CE96300CFFD92 /* Build configuration list for PBXProject "ReactiveDatasource" */;
			compatibilityVersion = "Xcode 3.2";
			developmentRegion = English;
			hasScannedForEncodings = 0;
			knownRegions = (
				en,
				Base,
			);
			mainGroup = 4C2CA2751F0CE96300CFFD92;
			productRefGroup = 4C2CA27F1F0CE96300CFFD92 /* Products */;
			projectDirPath = "";
			projectRoot = "";
			targets = (
				4C2CA27D1F0CE96300CFFD92 /* ReactiveDatasource */,
				4C2CA2911F0CE96300CFFD92 /* ReactiveDatasourceTests */,
				4C2CA29C1F0CE96300CFFD92 /* ReactiveDatasourceUITests */,
			);
		};
/* End PBXProject section */

/* Begin PBXResourcesBuildPhase section */
		4C2CA27C1F0CE96300CFFD92 /* Resources */ = {
			isa = PBXResourcesBuildPhase;
			buildActionMask = 2147483647;
			files = (
				4C2CA2DA1F0CEA8800CFFD92 /* .gitkeep in Resources */,
				4C2CA2D41F0CEA8800CFFD92 /* Assets.xcassets in Resources */,
				4C2CA2E81F0CEA8800CFFD92 /* .gitkeep in Resources */,
				4C2CA2EC1F0CEBA100CFFD92 /* Cartfile in Resources */,
				4C2CA3191F0E3B2700CFFD92 /* ValidationCell.xib in Resources */,
				4C2CA3151F0D0FAF00CFFD92 /* .gitignore in Resources */,
				4C2CA2E21F0CEA8800CFFD92 /* Main.storyboard in Resources */,
				4C2CA2E11F0CEA8800CFFD92 /* LaunchScreen.storyboard in Resources */,
				4C2CA2D81F0CEA8800CFFD92 /* .gitkeep in Resources */,
				4C2CA3131F0CF25D00CFFD92 /* TitleCell.xib in Resources */,
				4C2CA2E51F0CEA8800CFFD92 /* .gitkeep in Resources */,
				4C2CA2E91F0CEA8800CFFD92 /* Info.plist in Resources */,
				4C2CA2E71F0CEA8800CFFD92 /* .gitkeep in Resources */,
			);
			runOnlyForDeploymentPostprocessing = 0;
		};
		4C2CA2901F0CE96300CFFD92 /* Resources */ = {
			isa = PBXResourcesBuildPhase;
			buildActionMask = 2147483647;
			files = (
			);
			runOnlyForDeploymentPostprocessing = 0;
		};
		4C2CA29B1F0CE96300CFFD92 /* Resources */ = {
			isa = PBXResourcesBuildPhase;
			buildActionMask = 2147483647;
			files = (
			);
			runOnlyForDeploymentPostprocessing = 0;
		};
/* End PBXResourcesBuildPhase section */

/* Begin PBXShellScriptBuildPhase section */
		4C2CA2F91F0CECEB00CFFD92 /* Carthage */ = {
			isa = PBXShellScriptBuildPhase;
			buildActionMask = 2147483647;
			files = (
			);
			inputPaths = (
				"$(SRCROOT)/Carthage/Build/iOS/DataSource.framework",
				"$(SRCROOT)/Carthage/Build/iOS/Diff.framework",
				"$(SRCROOT)/Carthage/Build/iOS/ReactiveCocoa.framework",
				"$(SRCROOT)/Carthage/Build/iOS/ReactiveSwift.framework",
				"$(SRCROOT)/Carthage/Build/iOS/Result.framework",
				"$(SRCROOT)/Carthage/Build/iOS/KeychainAccess.framework",
			);
			name = Carthage;
			outputPaths = (
			);
			runOnlyForDeploymentPostprocessing = 0;
			shellPath = /bin/sh;
			shellScript = "/usr/local/bin/carthage copy-frameworks";
		};
/* End PBXShellScriptBuildPhase section */

/* Begin PBXSourcesBuildPhase section */
		4C2CA27A1F0CE96300CFFD92 /* Sources */ = {
			isa = PBXSourcesBuildPhase;
			buildActionMask = 2147483647;
			files = (
				4C2CA2FB1F0CF16500CFFD92 /* FormViewController.swift in Sources */,
				4C2CA2D51F0CEA8800CFFD92 /* AppDelegate.swift in Sources */,
				4C2CA2E41F0CEA8800CFFD92 /* Strings.swift in Sources */,
				4C2CA3121F0CF25D00CFFD92 /* TitleCell.swift in Sources */,
				4C2CA31D1F0FA5F300CFFD92 /* Form.swift in Sources */,
				4C2CA2D91F0CEA8800CFFD92 /* Environment.swift in Sources */,
				4C2CA2D61F0CEA8800CFFD92 /* Appearance.swift in Sources */,
				4C2CA2E31F0CEA8800CFFD92 /* Storyboard.swift in Sources */,
				4C2CA2ED1F0CEBA100CFFD92 /* Makefile in Sources */,
				4C2CA3101F0CF25D00CFFD92 /* SwitchCell.swift in Sources */,
				4C2CA31F1F0FAD2600CFFD92 /* TextInputTraits.swift in Sources */,
				4C2CA2D71F0CEA8800CFFD92 /* Config.swift in Sources */,
				4C2CA3181F0E3B2700CFFD92 /* ValidationCell.swift in Sources */,
				4C2CA3111F0CF25D00CFFD92 /* TextFieldCell.swift in Sources */,
			);
			runOnlyForDeploymentPostprocessing = 0;
		};
		4C2CA28E1F0CE96300CFFD92 /* Sources */ = {
			isa = PBXSourcesBuildPhase;
			buildActionMask = 2147483647;
			files = (
				4C2CA2971F0CE96300CFFD92 /* ReactiveDatasourceTests.swift in Sources */,
			);
			runOnlyForDeploymentPostprocessing = 0;
		};
		4C2CA2991F0CE96300CFFD92 /* Sources */ = {
			isa = PBXSourcesBuildPhase;
			buildActionMask = 2147483647;
			files = (
				4C2CA2A21F0CE96300CFFD92 /* ReactiveDatasourceUITests.swift in Sources */,
			);
			runOnlyForDeploymentPostprocessing = 0;
		};
/* End PBXSourcesBuildPhase section */

/* Begin PBXTargetDependency section */
		4C2CA2941F0CE96300CFFD92 /* PBXTargetDependency */ = {
			isa = PBXTargetDependency;
			target = 4C2CA27D1F0CE96300CFFD92 /* ReactiveDatasource */;
			targetProxy = 4C2CA2931F0CE96300CFFD92 /* PBXContainerItemProxy */;
		};
		4C2CA29F1F0CE96300CFFD92 /* PBXTargetDependency */ = {
			isa = PBXTargetDependency;
			target = 4C2CA27D1F0CE96300CFFD92 /* ReactiveDatasource */;
			targetProxy = 4C2CA29E1F0CE96300CFFD92 /* PBXContainerItemProxy */;
		};
/* End PBXTargetDependency section */

/* Begin PBXVariantGroup section */
		4C2CA2C41F0CEA8800CFFD92 /* LaunchScreen.storyboard */ = {
			isa = PBXVariantGroup;
			children = (
				4C2CA2C51F0CEA8800CFFD92 /* Base */,
			);
			name = LaunchScreen.storyboard;
			sourceTree = "<group>";
		};
		4C2CA2C61F0CEA8800CFFD92 /* Main.storyboard */ = {
			isa = PBXVariantGroup;
			children = (
				4C2CA2C71F0CEA8800CFFD92 /* Base */,
			);
			name = Main.storyboard;
			sourceTree = "<group>";
		};
/* End PBXVariantGroup section */

/* Begin XCBuildConfiguration section */
		4C2CA2A41F0CE96300CFFD92 /* Debug */ = {
			isa = XCBuildConfiguration;
			buildSettings = {
				ALWAYS_SEARCH_USER_PATHS = NO;
				CLANG_ANALYZER_NONNULL = YES;
				CLANG_ANALYZER_NUMBER_OBJECT_CONVERSION = YES_AGGRESSIVE;
				CLANG_CXX_LANGUAGE_STANDARD = "gnu++0x";
				CLANG_CXX_LIBRARY = "libc++";
				CLANG_ENABLE_MODULES = YES;
				CLANG_ENABLE_OBJC_ARC = YES;
				CLANG_WARN_BOOL_CONVERSION = YES;
				CLANG_WARN_CONSTANT_CONVERSION = YES;
				CLANG_WARN_DIRECT_OBJC_ISA_USAGE = YES_ERROR;
				CLANG_WARN_DOCUMENTATION_COMMENTS = YES;
				CLANG_WARN_EMPTY_BODY = YES;
				CLANG_WARN_ENUM_CONVERSION = YES;
				CLANG_WARN_INFINITE_RECURSION = YES;
				CLANG_WARN_INT_CONVERSION = YES;
				CLANG_WARN_OBJC_ROOT_CLASS = YES_ERROR;
				CLANG_WARN_SUSPICIOUS_MOVE = YES;
				CLANG_WARN_UNREACHABLE_CODE = YES;
				CLANG_WARN__DUPLICATE_METHOD_MATCH = YES;
				"CODE_SIGN_IDENTITY[sdk=iphoneos*]" = "iPhone Developer";
				COPY_PHASE_STRIP = NO;
				DEBUG_INFORMATION_FORMAT = dwarf;
				ENABLE_STRICT_OBJC_MSGSEND = YES;
				ENABLE_TESTABILITY = YES;
				GCC_C_LANGUAGE_STANDARD = gnu99;
				GCC_DYNAMIC_NO_PIC = NO;
				GCC_NO_COMMON_BLOCKS = YES;
				GCC_OPTIMIZATION_LEVEL = 0;
				GCC_PREPROCESSOR_DEFINITIONS = (
					"DEBUG=1",
					"$(inherited)",
				);
				GCC_WARN_64_TO_32_BIT_CONVERSION = YES;
				GCC_WARN_ABOUT_RETURN_TYPE = YES_ERROR;
				GCC_WARN_UNDECLARED_SELECTOR = YES;
				GCC_WARN_UNINITIALIZED_AUTOS = YES_AGGRESSIVE;
				GCC_WARN_UNUSED_FUNCTION = YES;
				GCC_WARN_UNUSED_VARIABLE = YES;
				IPHONEOS_DEPLOYMENT_TARGET = 10.3;
				MTL_ENABLE_DEBUG_INFO = YES;
				ONLY_ACTIVE_ARCH = YES;
				SDKROOT = iphoneos;
				SWIFT_ACTIVE_COMPILATION_CONDITIONS = DEBUG;
				SWIFT_OPTIMIZATION_LEVEL = "-Onone";
				TARGETED_DEVICE_FAMILY = "1,2";
			};
			name = Debug;
		};
		4C2CA2A51F0CE96300CFFD92 /* Release */ = {
			isa = XCBuildConfiguration;
			buildSettings = {
				ALWAYS_SEARCH_USER_PATHS = NO;
				CLANG_ANALYZER_NONNULL = YES;
				CLANG_ANALYZER_NUMBER_OBJECT_CONVERSION = YES_AGGRESSIVE;
				CLANG_CXX_LANGUAGE_STANDARD = "gnu++0x";
				CLANG_CXX_LIBRARY = "libc++";
				CLANG_ENABLE_MODULES = YES;
				CLANG_ENABLE_OBJC_ARC = YES;
				CLANG_WARN_BOOL_CONVERSION = YES;
				CLANG_WARN_CONSTANT_CONVERSION = YES;
				CLANG_WARN_DIRECT_OBJC_ISA_USAGE = YES_ERROR;
				CLANG_WARN_DOCUMENTATION_COMMENTS = YES;
				CLANG_WARN_EMPTY_BODY = YES;
				CLANG_WARN_ENUM_CONVERSION = YES;
				CLANG_WARN_INFINITE_RECURSION = YES;
				CLANG_WARN_INT_CONVERSION = YES;
				CLANG_WARN_OBJC_ROOT_CLASS = YES_ERROR;
				CLANG_WARN_SUSPICIOUS_MOVE = YES;
				CLANG_WARN_UNREACHABLE_CODE = YES;
				CLANG_WARN__DUPLICATE_METHOD_MATCH = YES;
				"CODE_SIGN_IDENTITY[sdk=iphoneos*]" = "iPhone Developer";
				COPY_PHASE_STRIP = NO;
				DEBUG_INFORMATION_FORMAT = "dwarf-with-dsym";
				ENABLE_NS_ASSERTIONS = NO;
				ENABLE_STRICT_OBJC_MSGSEND = YES;
				GCC_C_LANGUAGE_STANDARD = gnu99;
				GCC_NO_COMMON_BLOCKS = YES;
				GCC_WARN_64_TO_32_BIT_CONVERSION = YES;
				GCC_WARN_ABOUT_RETURN_TYPE = YES_ERROR;
				GCC_WARN_UNDECLARED_SELECTOR = YES;
				GCC_WARN_UNINITIALIZED_AUTOS = YES_AGGRESSIVE;
				GCC_WARN_UNUSED_FUNCTION = YES;
				GCC_WARN_UNUSED_VARIABLE = YES;
				IPHONEOS_DEPLOYMENT_TARGET = 10.3;
				MTL_ENABLE_DEBUG_INFO = NO;
				SDKROOT = iphoneos;
				SWIFT_OPTIMIZATION_LEVEL = "-Owholemodule";
				TARGETED_DEVICE_FAMILY = "1,2";
				VALIDATE_PRODUCT = YES;
			};
			name = Release;
		};
		4C2CA2A71F0CE96300CFFD92 /* Debug */ = {
			isa = XCBuildConfiguration;
			buildSettings = {
				ASSETCATALOG_COMPILER_APPICON_NAME = AppIcon;
				DEVELOPMENT_TEAM = M8F9QH57A6;
				FRAMEWORK_SEARCH_PATHS = (
					"$(inherited)",
					"$(PROJECT_DIR)/Carthage/Build/iOS",
				);
				INFOPLIST_FILE = "$(SRCROOT)/ReactiveDatasource/SupportingFiles/Info.plist";
				LD_RUNPATH_SEARCH_PATHS = "$(inherited) @executable_path/Frameworks";
				PRODUCT_BUNDLE_IDENTIFIER = at.allaboutapps.ReactiveDatasource;
				PRODUCT_NAME = "$(TARGET_NAME)";
				SWIFT_VERSION = 3.0;
			};
			name = Debug;
		};
		4C2CA2A81F0CE96300CFFD92 /* Release */ = {
			isa = XCBuildConfiguration;
			buildSettings = {
				ASSETCATALOG_COMPILER_APPICON_NAME = AppIcon;
				DEVELOPMENT_TEAM = M8F9QH57A6;
				FRAMEWORK_SEARCH_PATHS = (
					"$(inherited)",
					"$(PROJECT_DIR)/Carthage/Build/iOS",
				);
				INFOPLIST_FILE = "$(SRCROOT)/ReactiveDatasource/SupportingFiles/Info.plist";
				LD_RUNPATH_SEARCH_PATHS = "$(inherited) @executable_path/Frameworks";
				PRODUCT_BUNDLE_IDENTIFIER = at.allaboutapps.ReactiveDatasource;
				PRODUCT_NAME = "$(TARGET_NAME)";
				SWIFT_VERSION = 3.0;
			};
			name = Release;
		};
		4C2CA2AA1F0CE96300CFFD92 /* Debug */ = {
			isa = XCBuildConfiguration;
			buildSettings = {
				ALWAYS_EMBED_SWIFT_STANDARD_LIBRARIES = YES;
				BUNDLE_LOADER = "$(TEST_HOST)";
				DEVELOPMENT_TEAM = M8F9QH57A6;
				INFOPLIST_FILE = ReactiveDatasourceTests/Info.plist;
				LD_RUNPATH_SEARCH_PATHS = "$(inherited) @executable_path/Frameworks @loader_path/Frameworks";
				PRODUCT_BUNDLE_IDENTIFIER = at.allaboutapps.ReactiveDatasourceTests;
				PRODUCT_NAME = "$(TARGET_NAME)";
				SWIFT_VERSION = 3.0;
				TEST_HOST = "$(BUILT_PRODUCTS_DIR)/ReactiveDatasource.app/ReactiveDatasource";
			};
			name = Debug;
		};
		4C2CA2AB1F0CE96300CFFD92 /* Release */ = {
			isa = XCBuildConfiguration;
			buildSettings = {
				ALWAYS_EMBED_SWIFT_STANDARD_LIBRARIES = YES;
				BUNDLE_LOADER = "$(TEST_HOST)";
				DEVELOPMENT_TEAM = M8F9QH57A6;
				INFOPLIST_FILE = ReactiveDatasourceTests/Info.plist;
				LD_RUNPATH_SEARCH_PATHS = "$(inherited) @executable_path/Frameworks @loader_path/Frameworks";
				PRODUCT_BUNDLE_IDENTIFIER = at.allaboutapps.ReactiveDatasourceTests;
				PRODUCT_NAME = "$(TARGET_NAME)";
				SWIFT_VERSION = 3.0;
				TEST_HOST = "$(BUILT_PRODUCTS_DIR)/ReactiveDatasource.app/ReactiveDatasource";
			};
			name = Release;
		};
		4C2CA2AD1F0CE96300CFFD92 /* Debug */ = {
			isa = XCBuildConfiguration;
			buildSettings = {
				ALWAYS_EMBED_SWIFT_STANDARD_LIBRARIES = YES;
				DEVELOPMENT_TEAM = M8F9QH57A6;
				INFOPLIST_FILE = ReactiveDatasourceUITests/Info.plist;
				LD_RUNPATH_SEARCH_PATHS = "$(inherited) @executable_path/Frameworks @loader_path/Frameworks";
				PRODUCT_BUNDLE_IDENTIFIER = at.allaboutapps.ReactiveDatasourceUITests;
				PRODUCT_NAME = "$(TARGET_NAME)";
				SWIFT_VERSION = 3.0;
				TEST_TARGET_NAME = ReactiveDatasource;
			};
			name = Debug;
		};
		4C2CA2AE1F0CE96300CFFD92 /* Release */ = {
			isa = XCBuildConfiguration;
			buildSettings = {
				ALWAYS_EMBED_SWIFT_STANDARD_LIBRARIES = YES;
				DEVELOPMENT_TEAM = M8F9QH57A6;
				INFOPLIST_FILE = ReactiveDatasourceUITests/Info.plist;
				LD_RUNPATH_SEARCH_PATHS = "$(inherited) @executable_path/Frameworks @loader_path/Frameworks";
				PRODUCT_BUNDLE_IDENTIFIER = at.allaboutapps.ReactiveDatasourceUITests;
				PRODUCT_NAME = "$(TARGET_NAME)";
				SWIFT_VERSION = 3.0;
				TEST_TARGET_NAME = ReactiveDatasource;
			};
			name = Release;
		};
/* End XCBuildConfiguration section */

/* Begin XCConfigurationList section */
		4C2CA2791F0CE96300CFFD92 /* Build configuration list for PBXProject "ReactiveDatasource" */ = {
			isa = XCConfigurationList;
			buildConfigurations = (
				4C2CA2A41F0CE96300CFFD92 /* Debug */,
				4C2CA2A51F0CE96300CFFD92 /* Release */,
			);
			defaultConfigurationIsVisible = 0;
			defaultConfigurationName = Release;
		};
		4C2CA2A61F0CE96300CFFD92 /* Build configuration list for PBXNativeTarget "ReactiveDatasource" */ = {
			isa = XCConfigurationList;
			buildConfigurations = (
				4C2CA2A71F0CE96300CFFD92 /* Debug */,
				4C2CA2A81F0CE96300CFFD92 /* Release */,
			);
			defaultConfigurationIsVisible = 0;
		};
		4C2CA2A91F0CE96300CFFD92 /* Build configuration list for PBXNativeTarget "ReactiveDatasourceTests" */ = {
			isa = XCConfigurationList;
			buildConfigurations = (
				4C2CA2AA1F0CE96300CFFD92 /* Debug */,
				4C2CA2AB1F0CE96300CFFD92 /* Release */,
			);
			defaultConfigurationIsVisible = 0;
		};
		4C2CA2AC1F0CE96300CFFD92 /* Build configuration list for PBXNativeTarget "ReactiveDatasourceUITests" */ = {
			isa = XCConfigurationList;
			buildConfigurations = (
				4C2CA2AD1F0CE96300CFFD92 /* Debug */,
				4C2CA2AE1F0CE96300CFFD92 /* Release */,
			);
			defaultConfigurationIsVisible = 0;
		};
/* End XCConfigurationList section */
	};
	rootObject = 4C2CA2761F0CE96300CFFD92 /* Project object */;
}
